// !$*UTF8*$!
{
	archiveVersion = 1;
	classes = {
	};
	objectVersion = 50;
	objects = {

/* Begin PBXBuildFile section */
		042F36F1208EC94100A8DD79 /* PYSearchViewController.m in Sources */ = {isa = PBXBuildFile; fileRef = 042F367F208EC94000A8DD79 /* PYSearchViewController.m */; };
		042F36F2208EC94100A8DD79 /* StepSlider.m in Sources */ = {isa = PBXBuildFile; fileRef = 042F3682208EC94000A8DD79 /* StepSlider.m */; };
		042F36F3208EC94100A8DD79 /* YHSlider.m in Sources */ = {isa = PBXBuildFile; fileRef = 042F3684208EC94000A8DD79 /* YHSlider.m */; };
		042F36F4208EC94100A8DD79 /* ZSHCustomSlider.m in Sources */ = {isa = PBXBuildFile; fileRef = 042F3686208EC94000A8DD79 /* ZSHCustomSlider.m */; };
		042F36F5208EC94100A8DD79 /* ZSHBaseFunction.m in Sources */ = {isa = PBXBuildFile; fileRef = 042F3689208EC94000A8DD79 /* ZSHBaseFunction.m */; };
		042F36F6208EC94100A8DD79 /* ZSHBaseUIControl.m in Sources */ = {isa = PBXBuildFile; fileRef = 042F368B208EC94000A8DD79 /* ZSHBaseUIControl.m */; };
		042F36F8208EC94100A8DD79 /* TYCyclePagerTransformLayout.m in Sources */ = {isa = PBXBuildFile; fileRef = 042F3690208EC94000A8DD79 /* TYCyclePagerTransformLayout.m */; };
		042F36F9208EC94100A8DD79 /* TYCyclePagerView.m in Sources */ = {isa = PBXBuildFile; fileRef = 042F3692208EC94000A8DD79 /* TYCyclePagerView.m */; };
		042F36FA208EC94100A8DD79 /* TYCyclePagerViewCell.m in Sources */ = {isa = PBXBuildFile; fileRef = 042F3694208EC94000A8DD79 /* TYCyclePagerViewCell.m */; };
		042F36FB208EC94100A8DD79 /* TYPageControl.m in Sources */ = {isa = PBXBuildFile; fileRef = 042F3696208EC94000A8DD79 /* TYPageControl.m */; };
		042F36FC208EC94100A8DD79 /* XXTextView.m in Sources */ = {isa = PBXBuildFile; fileRef = 042F3699208EC94000A8DD79 /* XXTextView.m */; };
		042F36FD208EC94100A8DD79 /* ZSHBaseCollectionReusableView.m in Sources */ = {isa = PBXBuildFile; fileRef = 042F36A6208EC94000A8DD79 /* ZSHBaseCollectionReusableView.m */; };
		042F36FE208EC94100A8DD79 /* ZSHBaseCollectionViewCell.m in Sources */ = {isa = PBXBuildFile; fileRef = 042F36A9208EC94000A8DD79 /* ZSHBaseCollectionViewCell.m */; };
		042F36FF208EC94100A8DD79 /* ZSHBaseLogic.m in Sources */ = {isa = PBXBuildFile; fileRef = 042F36AC208EC94000A8DD79 /* ZSHBaseLogic.m */; };
		042F3700208EC94100A8DD79 /* ZSHSearchBarView.m in Sources */ = {isa = PBXBuildFile; fileRef = 042F36AF208EC94000A8DD79 /* ZSHSearchBarView.m */; };
		042F3701208EC94100A8DD79 /* ZSHBaseTableViewCellModel.m in Sources */ = {isa = PBXBuildFile; fileRef = 042F36B2208EC94000A8DD79 /* ZSHBaseTableViewCellModel.m */; };
		042F3702208EC94100A8DD79 /* ZSHBaseTableViewModel.m in Sources */ = {isa = PBXBuildFile; fileRef = 042F36B4208EC94000A8DD79 /* ZSHBaseTableViewModel.m */; };
		042F3703208EC94100A8DD79 /* ZSHBaseTableViewSectionModel.m in Sources */ = {isa = PBXBuildFile; fileRef = 042F36B6208EC94000A8DD79 /* ZSHBaseTableViewSectionModel.m */; };
		042F3704208EC94100A8DD79 /* ZSHBaseView.m in Sources */ = {isa = PBXBuildFile; fileRef = 042F36B9208EC94000A8DD79 /* ZSHBaseView.m */; };
		042F3705208EC94100A8DD79 /* RootNavigationController.m in Sources */ = {isa = PBXBuildFile; fileRef = 042F36BC208EC94000A8DD79 /* RootNavigationController.m */; };
		042F3706208EC94100A8DD79 /* ZSHBaseCell.m in Sources */ = {isa = PBXBuildFile; fileRef = 042F36BF208EC94000A8DD79 /* ZSHBaseCell.m */; };
		042F3707208EC94100A8DD79 /* ZSHBaseModel.m in Sources */ = {isa = PBXBuildFile; fileRef = 042F36C2208EC94000A8DD79 /* ZSHBaseModel.m */; };
		042F3708208EC94100A8DD79 /* RootViewController.m in Sources */ = {isa = PBXBuildFile; fileRef = 042F36C5208EC94000A8DD79 /* RootViewController.m */; };
		042F3709208EC94100A8DD79 /* MainTabBarController.m in Sources */ = {isa = PBXBuildFile; fileRef = 042F36C8208EC94000A8DD79 /* MainTabBarController.m */; };
		042F370A208EC94100A8DD79 /* TabBar.m in Sources */ = {isa = PBXBuildFile; fileRef = 042F36CA208EC94000A8DD79 /* TabBar.m */; };
		042F370B208EC94100A8DD79 /* TabBarBadge.m in Sources */ = {isa = PBXBuildFile; fileRef = 042F36CC208EC94000A8DD79 /* TabBarBadge.m */; };
		042F370C208EC94100A8DD79 /* TabBarItem.m in Sources */ = {isa = PBXBuildFile; fileRef = 042F36CE208EC94000A8DD79 /* TabBarItem.m */; };
		042F370D208EC94100A8DD79 /* NJKWebViewProgress.m in Sources */ = {isa = PBXBuildFile; fileRef = 042F36D2208EC94000A8DD79 /* NJKWebViewProgress.m */; };
		042F370E208EC94100A8DD79 /* NJKWebViewProgressView.m in Sources */ = {isa = PBXBuildFile; fileRef = 042F36D4208EC94000A8DD79 /* NJKWebViewProgressView.m */; };
		042F370F208EC94100A8DD79 /* RootWebViewController.m in Sources */ = {isa = PBXBuildFile; fileRef = 042F36D6208EC94000A8DD79 /* RootWebViewController.m */; };
		042F3710208EC94100A8DD79 /* RxWebViewController.m in Sources */ = {isa = PBXBuildFile; fileRef = 042F36D8208EC94000A8DD79 /* RxWebViewController.m */; };
		042F3711208EC94100A8DD79 /* RxWebViewNavigationViewController.m in Sources */ = {isa = PBXBuildFile; fileRef = 042F36DA208EC94000A8DD79 /* RxWebViewNavigationViewController.m */; };
		042F3712208EC94100A8DD79 /* ZSHBaseTableView.m in Sources */ = {isa = PBXBuildFile; fileRef = 042F36DC208EC94000A8DD79 /* ZSHBaseTableView.m */; };
		042F3715208EC98000A8DD79 /* AppDelegate+AppService.m in Sources */ = {isa = PBXBuildFile; fileRef = 042F3714208EC98000A8DD79 /* AppDelegate+AppService.m */; };
		042F3747208ECBD000A8DD79 /* NSArray+Log.m in Sources */ = {isa = PBXBuildFile; fileRef = 042F3720208ECBD000A8DD79 /* NSArray+Log.m */; };
		042F3748208ECBD000A8DD79 /* NSDictionary+Log.m in Sources */ = {isa = PBXBuildFile; fileRef = 042F3722208ECBD000A8DD79 /* NSDictionary+Log.m */; };
		042F3749208ECBD000A8DD79 /* NSDictionary+Safe.m in Sources */ = {isa = PBXBuildFile; fileRef = 042F3724208ECBD000A8DD79 /* NSDictionary+Safe.m */; };
		042F374A208ECBD000A8DD79 /* NSString+pinyin.m in Sources */ = {isa = PBXBuildFile; fileRef = 042F3726208ECBD000A8DD79 /* NSString+pinyin.m */; };
		042F374B208ECBD000A8DD79 /* NSString+unicode.m in Sources */ = {isa = PBXBuildFile; fileRef = 042F3728208ECBD000A8DD79 /* NSString+unicode.m */; };
		042F374C208ECBD000A8DD79 /* UIButton+XYButton.m in Sources */ = {isa = PBXBuildFile; fileRef = 042F372A208ECBD000A8DD79 /* UIButton+XYButton.m */; };
		042F374D208ECBD000A8DD79 /* UICollectionView+IndexPath.m in Sources */ = {isa = PBXBuildFile; fileRef = 042F372C208ECBD000A8DD79 /* UICollectionView+IndexPath.m */; };
		042F374E208ECBD000A8DD79 /* UIImage+BlurGlass.m in Sources */ = {isa = PBXBuildFile; fileRef = 042F372E208ECBD000A8DD79 /* UIImage+BlurGlass.m */; };
		042F374F208ECBD000A8DD79 /* UIImage+ImageEffects.m in Sources */ = {isa = PBXBuildFile; fileRef = 042F3730208ECBD000A8DD79 /* UIImage+ImageEffects.m */; };
		042F3750208ECBD000A8DD79 /* UIImage+String.m in Sources */ = {isa = PBXBuildFile; fileRef = 042F3732208ECBD000A8DD79 /* UIImage+String.m */; };
		042F3751208ECBD000A8DD79 /* UILabel+Spacing.m in Sources */ = {isa = PBXBuildFile; fileRef = 042F3734208ECBD000A8DD79 /* UILabel+Spacing.m */; };
		042F3752208ECBD000A8DD79 /* UIView+ZSHExtension.m in Sources */ = {isa = PBXBuildFile; fileRef = 042F3736208ECBD000A8DD79 /* UIView+ZSHExtension.m */; };
		042F3753208ECBD000A8DD79 /* UIViewController+AlertViewAndActionSheet.m in Sources */ = {isa = PBXBuildFile; fileRef = 042F3738208ECBD000A8DD79 /* UIViewController+AlertViewAndActionSheet.m */; };
		042F3754208ECBD000A8DD79 /* ZSHRegisterModel.m in Sources */ = {isa = PBXBuildFile; fileRef = 042F373A208ECBD000A8DD79 /* ZSHRegisterModel.m */; };
		042F3755208ECBD000A8DD79 /* MBProgressHUD+XY.m in Sources */ = {isa = PBXBuildFile; fileRef = 042F373D208ECBD000A8DD79 /* MBProgressHUD+XY.m */; };
		042F3756208ECBD000A8DD79 /* PPNetworkCache.m in Sources */ = {isa = PBXBuildFile; fileRef = 042F3741208ECBD000A8DD79 /* PPNetworkCache.m */; };
		042F3757208ECBD000A8DD79 /* PPNetworkHelper.m in Sources */ = {isa = PBXBuildFile; fileRef = 042F3743208ECBD000A8DD79 /* PPNetworkHelper.m */; };
		042F3758208ECBD000A8DD79 /* Reachability.m in Sources */ = {isa = PBXBuildFile; fileRef = 042F3746208ECBD000A8DD79 /* Reachability.m */; };
		042F375E208F0E7400A8DD79 /* LXScollTitleView.m in Sources */ = {isa = PBXBuildFile; fileRef = 042F375B208F0E7400A8DD79 /* LXScollTitleView.m */; };
		042F375F208F0E7400A8DD79 /* LXScrollContentView.m in Sources */ = {isa = PBXBuildFile; fileRef = 042F375D208F0E7400A8DD79 /* LXScrollContentView.m */; };
		042F3766208F10FF00A8DD79 /* ALTTHomeViewController.m in Sources */ = {isa = PBXBuildFile; fileRef = 042F3765208F10FF00A8DD79 /* ALTTHomeViewController.m */; };
		042F377F208F117D00A8DD79 /* ALTTGemViewController.m in Sources */ = {isa = PBXBuildFile; fileRef = 042F376A208F117C00A8DD79 /* ALTTGemViewController.m */; };
		042F3780208F117D00A8DD79 /* ALTTO2OViewController.m in Sources */ = {isa = PBXBuildFile; fileRef = 042F3770208F117D00A8DD79 /* ALTTO2OViewController.m */; };
		042F3781208F117D00A8DD79 /* ALTTMineViewController.m in Sources */ = {isa = PBXBuildFile; fileRef = 042F3776208F117D00A8DD79 /* ALTTMineViewController.m */; };
		042F3785208F119100A8DD79 /* ALTTClubViewController.m in Sources */ = {isa = PBXBuildFile; fileRef = 042F3784208F119100A8DD79 /* ALTTClubViewController.m */; };
		042F378A208F178C00A8DD79 /* XYTransition.m in Sources */ = {isa = PBXBuildFile; fileRef = 042F3788208F178C00A8DD79 /* XYTransition.m */; };
		042F3797208F1D6800A8DD79 /* ZSHTextFieldCellView.m in Sources */ = {isa = PBXBuildFile; fileRef = 042F3796208F1D6800A8DD79 /* ZSHTextFieldCellView.m */; };
		042F379A208F1DE200A8DD79 /* ALTTLoginViewController.m in Sources */ = {isa = PBXBuildFile; fileRef = 042F3799208F1DE200A8DD79 /* ALTTLoginViewController.m */; };
		042F37A0208F220400A8DD79 /* HCCoordinateConvert.m in Sources */ = {isa = PBXBuildFile; fileRef = 042F379D208F220400A8DD79 /* HCCoordinateConvert.m */; };
		042F37A1208F220400A8DD79 /* HCLocationManager.m in Sources */ = {isa = PBXBuildFile; fileRef = 042F379F208F220400A8DD79 /* HCLocationManager.m */; };
		042F37A4208F247500A8DD79 /* ALTTTitleContentViewController.m in Sources */ = {isa = PBXBuildFile; fileRef = 042F37A3208F247500A8DD79 /* ALTTTitleContentViewController.m */; };
		042F37A7208F24E500A8DD79 /* ALTTTitleContentViewController+Method.m in Sources */ = {isa = PBXBuildFile; fileRef = 042F37A6208F24E500A8DD79 /* ALTTTitleContentViewController+Method.m */; };
		042F37AB209066FD00A8DD79 /* ZSHGuideView.m in Sources */ = {isa = PBXBuildFile; fileRef = 042F37AA209066FD00A8DD79 /* ZSHGuideView.m */; };
		042F37AE20906A9000A8DD79 /* ALTTO2OBottomViewController.m in Sources */ = {isa = PBXBuildFile; fileRef = 042F37AD20906A9000A8DD79 /* ALTTO2OBottomViewController.m */; };
		04BBDD1720932CA6004E7DCE /* ALTTSingleImgViewController.m in Sources */ = {isa = PBXBuildFile; fileRef = 04BBDD1620932CA6004E7DCE /* ALTTSingleImgViewController.m */; };
		04ECCBA3208DBC7A0017E76F /* AppDelegate.m in Sources */ = {isa = PBXBuildFile; fileRef = 04ECCBA2208DBC7A0017E76F /* AppDelegate.m */; };
		04ECCBA9208DBC7A0017E76F /* Main.storyboard in Resources */ = {isa = PBXBuildFile; fileRef = 04ECCBA7208DBC7A0017E76F /* Main.storyboard */; };
		04ECCBAB208DBC800017E76F /* Assets.xcassets in Resources */ = {isa = PBXBuildFile; fileRef = 04ECCBAA208DBC800017E76F /* Assets.xcassets */; };
		04ECCBAE208DBC800017E76F /* LaunchScreen.storyboard in Resources */ = {isa = PBXBuildFile; fileRef = 04ECCBAC208DBC800017E76F /* LaunchScreen.storyboard */; };
		04ECCBB1208DBC800017E76F /* main.m in Sources */ = {isa = PBXBuildFile; fileRef = 04ECCBB0208DBC800017E76F /* main.m */; };
		04ECCBBB208DBC800017E76F /* ALTTTests.m in Sources */ = {isa = PBXBuildFile; fileRef = 04ECCBBA208DBC800017E76F /* ALTTTests.m */; };
		04ECCBC6208DBC800017E76F /* ALTTUITests.m in Sources */ = {isa = PBXBuildFile; fileRef = 04ECCBC5208DBC800017E76F /* ALTTUITests.m */; };
		04F59EBE209089BD004346D4 /* ALTTShopCartViewController.m in Sources */ = {isa = PBXBuildFile; fileRef = 04F59EBD209089BD004346D4 /* ALTTShopCartViewController.m */; };
		F053A49FB78C769F8984A7F1 /* libPods-ALTT.a in Frameworks */ = {isa = PBXBuildFile; fileRef = BB059D20E38BDE484265F36A /* libPods-ALTT.a */; };
/* End PBXBuildFile section */

/* Begin PBXContainerItemProxy section */
		04ECCBB7208DBC800017E76F /* PBXContainerItemProxy */ = {
			isa = PBXContainerItemProxy;
			containerPortal = 04ECCB96208DBC7A0017E76F /* Project object */;
			proxyType = 1;
			remoteGlobalIDString = 04ECCB9D208DBC7A0017E76F;
			remoteInfo = ALTT;
		};
		04ECCBC2208DBC800017E76F /* PBXContainerItemProxy */ = {
			isa = PBXContainerItemProxy;
			containerPortal = 04ECCB96208DBC7A0017E76F /* Project object */;
			proxyType = 1;
			remoteGlobalIDString = 04ECCB9D208DBC7A0017E76F;
			remoteInfo = ALTT;
		};
/* End PBXContainerItemProxy section */

/* Begin PBXFileReference section */
		042F3651208EC94000A8DD79 /* CommonMacros.h */ = {isa = PBXFileReference; fileEncoding = 4; lastKnownFileType = sourcecode.c.h; path = CommonMacros.h; sourceTree = "<group>"; };
		042F3652208EC94000A8DD79 /* FontAndColorMacros.h */ = {isa = PBXFileReference; fileEncoding = 4; lastKnownFileType = sourcecode.c.h; path = FontAndColorMacros.h; sourceTree = "<group>"; };
		042F3653208EC94000A8DD79 /* PrefixHeader.pch */ = {isa = PBXFileReference; fileEncoding = 4; lastKnownFileType = sourcecode.c.h; path = PrefixHeader.pch; sourceTree = "<group>"; };
		042F3654208EC94000A8DD79 /* ThirdMacros.h */ = {isa = PBXFileReference; fileEncoding = 4; lastKnownFileType = sourcecode.c.h; path = ThirdMacros.h; sourceTree = "<group>"; };
		042F3655208EC94000A8DD79 /* URLMacros.h */ = {isa = PBXFileReference; fileEncoding = 4; lastKnownFileType = sourcecode.c.h; path = URLMacros.h; sourceTree = "<group>"; };
		042F3656208EC94000A8DD79 /* UtilsMacros.h */ = {isa = PBXFileReference; fileEncoding = 4; lastKnownFileType = sourcecode.c.h; path = UtilsMacros.h; sourceTree = "<group>"; };
		042F367E208EC94000A8DD79 /* PYSearchViewController.h */ = {isa = PBXFileReference; fileEncoding = 4; lastKnownFileType = sourcecode.c.h; path = PYSearchViewController.h; sourceTree = "<group>"; };
		042F367F208EC94000A8DD79 /* PYSearchViewController.m */ = {isa = PBXFileReference; fileEncoding = 4; lastKnownFileType = sourcecode.c.objc; path = PYSearchViewController.m; sourceTree = "<group>"; };
		042F3681208EC94000A8DD79 /* StepSlider.h */ = {isa = PBXFileReference; fileEncoding = 4; lastKnownFileType = sourcecode.c.h; path = StepSlider.h; sourceTree = "<group>"; };
		042F3682208EC94000A8DD79 /* StepSlider.m */ = {isa = PBXFileReference; fileEncoding = 4; lastKnownFileType = sourcecode.c.objc; path = StepSlider.m; sourceTree = "<group>"; };
		042F3683208EC94000A8DD79 /* YHSlider.h */ = {isa = PBXFileReference; fileEncoding = 4; lastKnownFileType = sourcecode.c.h; path = YHSlider.h; sourceTree = "<group>"; };
		042F3684208EC94000A8DD79 /* YHSlider.m */ = {isa = PBXFileReference; fileEncoding = 4; lastKnownFileType = sourcecode.c.objc; path = YHSlider.m; sourceTree = "<group>"; };
		042F3685208EC94000A8DD79 /* ZSHCustomSlider.h */ = {isa = PBXFileReference; fileEncoding = 4; lastKnownFileType = sourcecode.c.h; path = ZSHCustomSlider.h; sourceTree = "<group>"; };
		042F3686208EC94000A8DD79 /* ZSHCustomSlider.m */ = {isa = PBXFileReference; fileEncoding = 4; lastKnownFileType = sourcecode.c.objc; path = ZSHCustomSlider.m; sourceTree = "<group>"; };
		042F3688208EC94000A8DD79 /* ZSHBaseFunction.h */ = {isa = PBXFileReference; fileEncoding = 4; lastKnownFileType = sourcecode.c.h; path = ZSHBaseFunction.h; sourceTree = "<group>"; };
		042F3689208EC94000A8DD79 /* ZSHBaseFunction.m */ = {isa = PBXFileReference; fileEncoding = 4; lastKnownFileType = sourcecode.c.objc; path = ZSHBaseFunction.m; sourceTree = "<group>"; };
		042F368A208EC94000A8DD79 /* ZSHBaseUIControl.h */ = {isa = PBXFileReference; fileEncoding = 4; lastKnownFileType = sourcecode.c.h; path = ZSHBaseUIControl.h; sourceTree = "<group>"; };
		042F368B208EC94000A8DD79 /* ZSHBaseUIControl.m */ = {isa = PBXFileReference; fileEncoding = 4; lastKnownFileType = sourcecode.c.objc; path = ZSHBaseUIControl.m; sourceTree = "<group>"; };
		042F368F208EC94000A8DD79 /* TYCyclePagerTransformLayout.h */ = {isa = PBXFileReference; fileEncoding = 4; lastKnownFileType = sourcecode.c.h; path = TYCyclePagerTransformLayout.h; sourceTree = "<group>"; };
		042F3690208EC94000A8DD79 /* TYCyclePagerTransformLayout.m */ = {isa = PBXFileReference; fileEncoding = 4; lastKnownFileType = sourcecode.c.objc; path = TYCyclePagerTransformLayout.m; sourceTree = "<group>"; };
		042F3691208EC94000A8DD79 /* TYCyclePagerView.h */ = {isa = PBXFileReference; fileEncoding = 4; lastKnownFileType = sourcecode.c.h; path = TYCyclePagerView.h; sourceTree = "<group>"; };
		042F3692208EC94000A8DD79 /* TYCyclePagerView.m */ = {isa = PBXFileReference; fileEncoding = 4; lastKnownFileType = sourcecode.c.objc; path = TYCyclePagerView.m; sourceTree = "<group>"; };
		042F3693208EC94000A8DD79 /* TYCyclePagerViewCell.h */ = {isa = PBXFileReference; fileEncoding = 4; lastKnownFileType = sourcecode.c.h; path = TYCyclePagerViewCell.h; sourceTree = "<group>"; };
		042F3694208EC94000A8DD79 /* TYCyclePagerViewCell.m */ = {isa = PBXFileReference; fileEncoding = 4; lastKnownFileType = sourcecode.c.objc; path = TYCyclePagerViewCell.m; sourceTree = "<group>"; };
		042F3695208EC94000A8DD79 /* TYPageControl.h */ = {isa = PBXFileReference; fileEncoding = 4; lastKnownFileType = sourcecode.c.h; path = TYPageControl.h; sourceTree = "<group>"; };
		042F3696208EC94000A8DD79 /* TYPageControl.m */ = {isa = PBXFileReference; fileEncoding = 4; lastKnownFileType = sourcecode.c.objc; path = TYPageControl.m; sourceTree = "<group>"; };
		042F3698208EC94000A8DD79 /* XXTextView.h */ = {isa = PBXFileReference; fileEncoding = 4; lastKnownFileType = sourcecode.c.h; path = XXTextView.h; sourceTree = "<group>"; };
		042F3699208EC94000A8DD79 /* XXTextView.m */ = {isa = PBXFileReference; fileEncoding = 4; lastKnownFileType = sourcecode.c.objc; path = XXTextView.m; sourceTree = "<group>"; };
		042F36A5208EC94000A8DD79 /* ZSHBaseCollectionReusableView.h */ = {isa = PBXFileReference; fileEncoding = 4; lastKnownFileType = sourcecode.c.h; path = ZSHBaseCollectionReusableView.h; sourceTree = "<group>"; };
		042F36A6208EC94000A8DD79 /* ZSHBaseCollectionReusableView.m */ = {isa = PBXFileReference; fileEncoding = 4; lastKnownFileType = sourcecode.c.objc; path = ZSHBaseCollectionReusableView.m; sourceTree = "<group>"; };
		042F36A8208EC94000A8DD79 /* ZSHBaseCollectionViewCell.h */ = {isa = PBXFileReference; fileEncoding = 4; lastKnownFileType = sourcecode.c.h; path = ZSHBaseCollectionViewCell.h; sourceTree = "<group>"; };
		042F36A9208EC94000A8DD79 /* ZSHBaseCollectionViewCell.m */ = {isa = PBXFileReference; fileEncoding = 4; lastKnownFileType = sourcecode.c.objc; path = ZSHBaseCollectionViewCell.m; sourceTree = "<group>"; };
		042F36AB208EC94000A8DD79 /* ZSHBaseLogic.h */ = {isa = PBXFileReference; fileEncoding = 4; lastKnownFileType = sourcecode.c.h; path = ZSHBaseLogic.h; sourceTree = "<group>"; };
		042F36AC208EC94000A8DD79 /* ZSHBaseLogic.m */ = {isa = PBXFileReference; fileEncoding = 4; lastKnownFileType = sourcecode.c.objc; path = ZSHBaseLogic.m; sourceTree = "<group>"; };
		042F36AE208EC94000A8DD79 /* ZSHSearchBarView.h */ = {isa = PBXFileReference; fileEncoding = 4; lastKnownFileType = sourcecode.c.h; path = ZSHSearchBarView.h; sourceTree = "<group>"; };
		042F36AF208EC94000A8DD79 /* ZSHSearchBarView.m */ = {isa = PBXFileReference; fileEncoding = 4; lastKnownFileType = sourcecode.c.objc; path = ZSHSearchBarView.m; sourceTree = "<group>"; };
		042F36B1208EC94000A8DD79 /* ZSHBaseTableViewCellModel.h */ = {isa = PBXFileReference; fileEncoding = 4; lastKnownFileType = sourcecode.c.h; path = ZSHBaseTableViewCellModel.h; sourceTree = "<group>"; };
		042F36B2208EC94000A8DD79 /* ZSHBaseTableViewCellModel.m */ = {isa = PBXFileReference; fileEncoding = 4; lastKnownFileType = sourcecode.c.objc; path = ZSHBaseTableViewCellModel.m; sourceTree = "<group>"; };
		042F36B3208EC94000A8DD79 /* ZSHBaseTableViewModel.h */ = {isa = PBXFileReference; fileEncoding = 4; lastKnownFileType = sourcecode.c.h; path = ZSHBaseTableViewModel.h; sourceTree = "<group>"; };
		042F36B4208EC94000A8DD79 /* ZSHBaseTableViewModel.m */ = {isa = PBXFileReference; fileEncoding = 4; lastKnownFileType = sourcecode.c.objc; path = ZSHBaseTableViewModel.m; sourceTree = "<group>"; };
		042F36B5208EC94000A8DD79 /* ZSHBaseTableViewSectionModel.h */ = {isa = PBXFileReference; fileEncoding = 4; lastKnownFileType = sourcecode.c.h; path = ZSHBaseTableViewSectionModel.h; sourceTree = "<group>"; };
		042F36B6208EC94000A8DD79 /* ZSHBaseTableViewSectionModel.m */ = {isa = PBXFileReference; fileEncoding = 4; lastKnownFileType = sourcecode.c.objc; path = ZSHBaseTableViewSectionModel.m; sourceTree = "<group>"; };
		042F36B8208EC94000A8DD79 /* ZSHBaseView.h */ = {isa = PBXFileReference; fileEncoding = 4; lastKnownFileType = sourcecode.c.h; path = ZSHBaseView.h; sourceTree = "<group>"; };
		042F36B9208EC94000A8DD79 /* ZSHBaseView.m */ = {isa = PBXFileReference; fileEncoding = 4; lastKnownFileType = sourcecode.c.objc; path = ZSHBaseView.m; sourceTree = "<group>"; };
		042F36BB208EC94000A8DD79 /* RootNavigationController.h */ = {isa = PBXFileReference; fileEncoding = 4; lastKnownFileType = sourcecode.c.h; path = RootNavigationController.h; sourceTree = "<group>"; };
		042F36BC208EC94000A8DD79 /* RootNavigationController.m */ = {isa = PBXFileReference; fileEncoding = 4; lastKnownFileType = sourcecode.c.objc; path = RootNavigationController.m; sourceTree = "<group>"; };
		042F36BE208EC94000A8DD79 /* ZSHBaseCell.h */ = {isa = PBXFileReference; fileEncoding = 4; lastKnownFileType = sourcecode.c.h; path = ZSHBaseCell.h; sourceTree = "<group>"; };
		042F36BF208EC94000A8DD79 /* ZSHBaseCell.m */ = {isa = PBXFileReference; fileEncoding = 4; lastKnownFileType = sourcecode.c.objc; path = ZSHBaseCell.m; sourceTree = "<group>"; };
		042F36C1208EC94000A8DD79 /* ZSHBaseModel.h */ = {isa = PBXFileReference; fileEncoding = 4; lastKnownFileType = sourcecode.c.h; path = ZSHBaseModel.h; sourceTree = "<group>"; };
		042F36C2208EC94000A8DD79 /* ZSHBaseModel.m */ = {isa = PBXFileReference; fileEncoding = 4; lastKnownFileType = sourcecode.c.objc; path = ZSHBaseModel.m; sourceTree = "<group>"; };
		042F36C4208EC94000A8DD79 /* RootViewController.h */ = {isa = PBXFileReference; fileEncoding = 4; lastKnownFileType = sourcecode.c.h; path = RootViewController.h; sourceTree = "<group>"; };
		042F36C5208EC94000A8DD79 /* RootViewController.m */ = {isa = PBXFileReference; fileEncoding = 4; lastKnownFileType = sourcecode.c.objc; path = RootViewController.m; sourceTree = "<group>"; };
		042F36C7208EC94000A8DD79 /* MainTabBarController.h */ = {isa = PBXFileReference; fileEncoding = 4; lastKnownFileType = sourcecode.c.h; path = MainTabBarController.h; sourceTree = "<group>"; };
		042F36C8208EC94000A8DD79 /* MainTabBarController.m */ = {isa = PBXFileReference; fileEncoding = 4; lastKnownFileType = sourcecode.c.objc; path = MainTabBarController.m; sourceTree = "<group>"; };
		042F36C9208EC94000A8DD79 /* TabBar.h */ = {isa = PBXFileReference; fileEncoding = 4; lastKnownFileType = sourcecode.c.h; path = TabBar.h; sourceTree = "<group>"; };
		042F36CA208EC94000A8DD79 /* TabBar.m */ = {isa = PBXFileReference; fileEncoding = 4; lastKnownFileType = sourcecode.c.objc; path = TabBar.m; sourceTree = "<group>"; };
		042F36CB208EC94000A8DD79 /* TabBarBadge.h */ = {isa = PBXFileReference; fileEncoding = 4; lastKnownFileType = sourcecode.c.h; path = TabBarBadge.h; sourceTree = "<group>"; };
		042F36CC208EC94000A8DD79 /* TabBarBadge.m */ = {isa = PBXFileReference; fileEncoding = 4; lastKnownFileType = sourcecode.c.objc; path = TabBarBadge.m; sourceTree = "<group>"; };
		042F36CD208EC94000A8DD79 /* TabBarItem.h */ = {isa = PBXFileReference; fileEncoding = 4; lastKnownFileType = sourcecode.c.h; path = TabBarItem.h; sourceTree = "<group>"; };
		042F36CE208EC94000A8DD79 /* TabBarItem.m */ = {isa = PBXFileReference; fileEncoding = 4; lastKnownFileType = sourcecode.c.objc; path = TabBarItem.m; sourceTree = "<group>"; };
		042F36D1208EC94000A8DD79 /* NJKWebViewProgress.h */ = {isa = PBXFileReference; fileEncoding = 4; lastKnownFileType = sourcecode.c.h; path = NJKWebViewProgress.h; sourceTree = "<group>"; };
		042F36D2208EC94000A8DD79 /* NJKWebViewProgress.m */ = {isa = PBXFileReference; fileEncoding = 4; lastKnownFileType = sourcecode.c.objc; path = NJKWebViewProgress.m; sourceTree = "<group>"; };
		042F36D3208EC94000A8DD79 /* NJKWebViewProgressView.h */ = {isa = PBXFileReference; fileEncoding = 4; lastKnownFileType = sourcecode.c.h; path = NJKWebViewProgressView.h; sourceTree = "<group>"; };
		042F36D4208EC94000A8DD79 /* NJKWebViewProgressView.m */ = {isa = PBXFileReference; fileEncoding = 4; lastKnownFileType = sourcecode.c.objc; path = NJKWebViewProgressView.m; sourceTree = "<group>"; };
		042F36D5208EC94000A8DD79 /* RootWebViewController.h */ = {isa = PBXFileReference; fileEncoding = 4; lastKnownFileType = sourcecode.c.h; path = RootWebViewController.h; sourceTree = "<group>"; };
		042F36D6208EC94000A8DD79 /* RootWebViewController.m */ = {isa = PBXFileReference; fileEncoding = 4; lastKnownFileType = sourcecode.c.objc; path = RootWebViewController.m; sourceTree = "<group>"; };
		042F36D7208EC94000A8DD79 /* RxWebViewController.h */ = {isa = PBXFileReference; fileEncoding = 4; lastKnownFileType = sourcecode.c.h; path = RxWebViewController.h; sourceTree = "<group>"; };
		042F36D8208EC94000A8DD79 /* RxWebViewController.m */ = {isa = PBXFileReference; fileEncoding = 4; lastKnownFileType = sourcecode.c.objc; path = RxWebViewController.m; sourceTree = "<group>"; };
		042F36D9208EC94000A8DD79 /* RxWebViewNavigationViewController.h */ = {isa = PBXFileReference; fileEncoding = 4; lastKnownFileType = sourcecode.c.h; path = RxWebViewNavigationViewController.h; sourceTree = "<group>"; };
		042F36DA208EC94000A8DD79 /* RxWebViewNavigationViewController.m */ = {isa = PBXFileReference; fileEncoding = 4; lastKnownFileType = sourcecode.c.objc; path = RxWebViewNavigationViewController.m; sourceTree = "<group>"; };
		042F36DB208EC94000A8DD79 /* ZSHBaseTableView.h */ = {isa = PBXFileReference; fileEncoding = 4; lastKnownFileType = sourcecode.c.h; path = ZSHBaseTableView.h; sourceTree = "<group>"; };
		042F36DC208EC94000A8DD79 /* ZSHBaseTableView.m */ = {isa = PBXFileReference; fileEncoding = 4; lastKnownFileType = sourcecode.c.objc; path = ZSHBaseTableView.m; sourceTree = "<group>"; };
		042F3713208EC98000A8DD79 /* AppDelegate+AppService.h */ = {isa = PBXFileReference; lastKnownFileType = sourcecode.c.h; path = "AppDelegate+AppService.h"; sourceTree = "<group>"; };
		042F3714208EC98000A8DD79 /* AppDelegate+AppService.m */ = {isa = PBXFileReference; lastKnownFileType = sourcecode.c.objc; path = "AppDelegate+AppService.m"; sourceTree = "<group>"; };
		042F3717208EC9EE00A8DD79 /* CommonMacros.h */ = {isa = PBXFileReference; fileEncoding = 4; lastKnownFileType = sourcecode.c.h; path = CommonMacros.h; sourceTree = "<group>"; };
		042F3718208EC9EE00A8DD79 /* FontAndColorMacros.h */ = {isa = PBXFileReference; fileEncoding = 4; lastKnownFileType = sourcecode.c.h; path = FontAndColorMacros.h; sourceTree = "<group>"; };
		042F3719208EC9EE00A8DD79 /* PrefixHeader.pch */ = {isa = PBXFileReference; fileEncoding = 4; lastKnownFileType = sourcecode.c.h; path = PrefixHeader.pch; sourceTree = "<group>"; };
		042F371A208EC9EE00A8DD79 /* ThirdMacros.h */ = {isa = PBXFileReference; fileEncoding = 4; lastKnownFileType = sourcecode.c.h; path = ThirdMacros.h; sourceTree = "<group>"; };
		042F371B208EC9EE00A8DD79 /* URLMacros.h */ = {isa = PBXFileReference; fileEncoding = 4; lastKnownFileType = sourcecode.c.h; path = URLMacros.h; sourceTree = "<group>"; };
		042F371C208EC9EE00A8DD79 /* UtilsMacros.h */ = {isa = PBXFileReference; fileEncoding = 4; lastKnownFileType = sourcecode.c.h; path = UtilsMacros.h; sourceTree = "<group>"; };
		042F371F208ECBD000A8DD79 /* NSArray+Log.h */ = {isa = PBXFileReference; fileEncoding = 4; lastKnownFileType = sourcecode.c.h; path = "NSArray+Log.h"; sourceTree = "<group>"; };
		042F3720208ECBD000A8DD79 /* NSArray+Log.m */ = {isa = PBXFileReference; fileEncoding = 4; lastKnownFileType = sourcecode.c.objc; path = "NSArray+Log.m"; sourceTree = "<group>"; };
		042F3721208ECBD000A8DD79 /* NSDictionary+Log.h */ = {isa = PBXFileReference; fileEncoding = 4; lastKnownFileType = sourcecode.c.h; path = "NSDictionary+Log.h"; sourceTree = "<group>"; };
		042F3722208ECBD000A8DD79 /* NSDictionary+Log.m */ = {isa = PBXFileReference; fileEncoding = 4; lastKnownFileType = sourcecode.c.objc; path = "NSDictionary+Log.m"; sourceTree = "<group>"; };
		042F3723208ECBD000A8DD79 /* NSDictionary+Safe.h */ = {isa = PBXFileReference; fileEncoding = 4; lastKnownFileType = sourcecode.c.h; path = "NSDictionary+Safe.h"; sourceTree = "<group>"; };
		042F3724208ECBD000A8DD79 /* NSDictionary+Safe.m */ = {isa = PBXFileReference; fileEncoding = 4; lastKnownFileType = sourcecode.c.objc; path = "NSDictionary+Safe.m"; sourceTree = "<group>"; };
		042F3725208ECBD000A8DD79 /* NSString+pinyin.h */ = {isa = PBXFileReference; fileEncoding = 4; lastKnownFileType = sourcecode.c.h; path = "NSString+pinyin.h"; sourceTree = "<group>"; };
		042F3726208ECBD000A8DD79 /* NSString+pinyin.m */ = {isa = PBXFileReference; fileEncoding = 4; lastKnownFileType = sourcecode.c.objc; path = "NSString+pinyin.m"; sourceTree = "<group>"; };
		042F3727208ECBD000A8DD79 /* NSString+unicode.h */ = {isa = PBXFileReference; fileEncoding = 4; lastKnownFileType = sourcecode.c.h; path = "NSString+unicode.h"; sourceTree = "<group>"; };
		042F3728208ECBD000A8DD79 /* NSString+unicode.m */ = {isa = PBXFileReference; fileEncoding = 4; lastKnownFileType = sourcecode.c.objc; path = "NSString+unicode.m"; sourceTree = "<group>"; };
		042F3729208ECBD000A8DD79 /* UIButton+XYButton.h */ = {isa = PBXFileReference; fileEncoding = 4; lastKnownFileType = sourcecode.c.h; path = "UIButton+XYButton.h"; sourceTree = "<group>"; };
		042F372A208ECBD000A8DD79 /* UIButton+XYButton.m */ = {isa = PBXFileReference; fileEncoding = 4; lastKnownFileType = sourcecode.c.objc; path = "UIButton+XYButton.m"; sourceTree = "<group>"; };
		042F372B208ECBD000A8DD79 /* UICollectionView+IndexPath.h */ = {isa = PBXFileReference; fileEncoding = 4; lastKnownFileType = sourcecode.c.h; path = "UICollectionView+IndexPath.h"; sourceTree = "<group>"; };
		042F372C208ECBD000A8DD79 /* UICollectionView+IndexPath.m */ = {isa = PBXFileReference; fileEncoding = 4; lastKnownFileType = sourcecode.c.objc; path = "UICollectionView+IndexPath.m"; sourceTree = "<group>"; };
		042F372D208ECBD000A8DD79 /* UIImage+BlurGlass.h */ = {isa = PBXFileReference; fileEncoding = 4; lastKnownFileType = sourcecode.c.h; path = "UIImage+BlurGlass.h"; sourceTree = "<group>"; };
		042F372E208ECBD000A8DD79 /* UIImage+BlurGlass.m */ = {isa = PBXFileReference; fileEncoding = 4; lastKnownFileType = sourcecode.c.objc; path = "UIImage+BlurGlass.m"; sourceTree = "<group>"; };
		042F372F208ECBD000A8DD79 /* UIImage+ImageEffects.h */ = {isa = PBXFileReference; fileEncoding = 4; lastKnownFileType = sourcecode.c.h; path = "UIImage+ImageEffects.h"; sourceTree = "<group>"; };
		042F3730208ECBD000A8DD79 /* UIImage+ImageEffects.m */ = {isa = PBXFileReference; fileEncoding = 4; lastKnownFileType = sourcecode.c.objc; path = "UIImage+ImageEffects.m"; sourceTree = "<group>"; };
		042F3731208ECBD000A8DD79 /* UIImage+String.h */ = {isa = PBXFileReference; fileEncoding = 4; lastKnownFileType = sourcecode.c.h; path = "UIImage+String.h"; sourceTree = "<group>"; };
		042F3732208ECBD000A8DD79 /* UIImage+String.m */ = {isa = PBXFileReference; fileEncoding = 4; lastKnownFileType = sourcecode.c.objc; path = "UIImage+String.m"; sourceTree = "<group>"; };
		042F3733208ECBD000A8DD79 /* UILabel+Spacing.h */ = {isa = PBXFileReference; fileEncoding = 4; lastKnownFileType = sourcecode.c.h; path = "UILabel+Spacing.h"; sourceTree = "<group>"; };
		042F3734208ECBD000A8DD79 /* UILabel+Spacing.m */ = {isa = PBXFileReference; fileEncoding = 4; lastKnownFileType = sourcecode.c.objc; path = "UILabel+Spacing.m"; sourceTree = "<group>"; };
		042F3735208ECBD000A8DD79 /* UIView+ZSHExtension.h */ = {isa = PBXFileReference; fileEncoding = 4; lastKnownFileType = sourcecode.c.h; path = "UIView+ZSHExtension.h"; sourceTree = "<group>"; };
		042F3736208ECBD000A8DD79 /* UIView+ZSHExtension.m */ = {isa = PBXFileReference; fileEncoding = 4; lastKnownFileType = sourcecode.c.objc; path = "UIView+ZSHExtension.m"; sourceTree = "<group>"; };
		042F3737208ECBD000A8DD79 /* UIViewController+AlertViewAndActionSheet.h */ = {isa = PBXFileReference; fileEncoding = 4; lastKnownFileType = sourcecode.c.h; path = "UIViewController+AlertViewAndActionSheet.h"; sourceTree = "<group>"; };
		042F3738208ECBD000A8DD79 /* UIViewController+AlertViewAndActionSheet.m */ = {isa = PBXFileReference; fileEncoding = 4; lastKnownFileType = sourcecode.c.objc; path = "UIViewController+AlertViewAndActionSheet.m"; sourceTree = "<group>"; };
		042F3739208ECBD000A8DD79 /* ZSHRegisterModel.h */ = {isa = PBXFileReference; fileEncoding = 4; lastKnownFileType = sourcecode.c.h; path = ZSHRegisterModel.h; sourceTree = "<group>"; };
		042F373A208ECBD000A8DD79 /* ZSHRegisterModel.m */ = {isa = PBXFileReference; fileEncoding = 4; lastKnownFileType = sourcecode.c.objc; path = ZSHRegisterModel.m; sourceTree = "<group>"; };
		042F373C208ECBD000A8DD79 /* MBProgressHUD+XY.h */ = {isa = PBXFileReference; fileEncoding = 4; lastKnownFileType = sourcecode.c.h; path = "MBProgressHUD+XY.h"; sourceTree = "<group>"; };
		042F373D208ECBD000A8DD79 /* MBProgressHUD+XY.m */ = {isa = PBXFileReference; fileEncoding = 4; lastKnownFileType = sourcecode.c.objc; path = "MBProgressHUD+XY.m"; sourceTree = "<group>"; };
		042F3740208ECBD000A8DD79 /* PPNetworkCache.h */ = {isa = PBXFileReference; fileEncoding = 4; lastKnownFileType = sourcecode.c.h; path = PPNetworkCache.h; sourceTree = "<group>"; };
		042F3741208ECBD000A8DD79 /* PPNetworkCache.m */ = {isa = PBXFileReference; fileEncoding = 4; lastKnownFileType = sourcecode.c.objc; path = PPNetworkCache.m; sourceTree = "<group>"; };
		042F3742208ECBD000A8DD79 /* PPNetworkHelper.h */ = {isa = PBXFileReference; fileEncoding = 4; lastKnownFileType = sourcecode.c.h; path = PPNetworkHelper.h; sourceTree = "<group>"; };
		042F3743208ECBD000A8DD79 /* PPNetworkHelper.m */ = {isa = PBXFileReference; fileEncoding = 4; lastKnownFileType = sourcecode.c.objc; path = PPNetworkHelper.m; sourceTree = "<group>"; };
		042F3745208ECBD000A8DD79 /* Reachability.h */ = {isa = PBXFileReference; fileEncoding = 4; lastKnownFileType = sourcecode.c.h; path = Reachability.h; sourceTree = "<group>"; };
		042F3746208ECBD000A8DD79 /* Reachability.m */ = {isa = PBXFileReference; fileEncoding = 4; lastKnownFileType = sourcecode.c.objc; path = Reachability.m; sourceTree = "<group>"; };
		042F375A208F0E7400A8DD79 /* LXScollTitleView.h */ = {isa = PBXFileReference; fileEncoding = 4; lastKnownFileType = sourcecode.c.h; path = LXScollTitleView.h; sourceTree = "<group>"; };
		042F375B208F0E7400A8DD79 /* LXScollTitleView.m */ = {isa = PBXFileReference; fileEncoding = 4; lastKnownFileType = sourcecode.c.objc; path = LXScollTitleView.m; sourceTree = "<group>"; };
		042F375C208F0E7400A8DD79 /* LXScrollContentView.h */ = {isa = PBXFileReference; fileEncoding = 4; lastKnownFileType = sourcecode.c.h; path = LXScrollContentView.h; sourceTree = "<group>"; };
		042F375D208F0E7400A8DD79 /* LXScrollContentView.m */ = {isa = PBXFileReference; fileEncoding = 4; lastKnownFileType = sourcecode.c.objc; path = LXScrollContentView.m; sourceTree = "<group>"; };
		042F3764208F10FF00A8DD79 /* ALTTHomeViewController.h */ = {isa = PBXFileReference; lastKnownFileType = sourcecode.c.h; path = ALTTHomeViewController.h; sourceTree = "<group>"; };
		042F3765208F10FF00A8DD79 /* ALTTHomeViewController.m */ = {isa = PBXFileReference; lastKnownFileType = sourcecode.c.objc; path = ALTTHomeViewController.m; sourceTree = "<group>"; };
		042F3769208F117C00A8DD79 /* ALTTGemViewController.h */ = {isa = PBXFileReference; fileEncoding = 4; lastKnownFileType = sourcecode.c.h; path = ALTTGemViewController.h; sourceTree = "<group>"; };
		042F376A208F117C00A8DD79 /* ALTTGemViewController.m */ = {isa = PBXFileReference; fileEncoding = 4; lastKnownFileType = sourcecode.c.objc; path = ALTTGemViewController.m; sourceTree = "<group>"; };
		042F376F208F117D00A8DD79 /* ALTTO2OViewController.h */ = {isa = PBXFileReference; fileEncoding = 4; lastKnownFileType = sourcecode.c.h; path = ALTTO2OViewController.h; sourceTree = "<group>"; };
		042F3770208F117D00A8DD79 /* ALTTO2OViewController.m */ = {isa = PBXFileReference; fileEncoding = 4; lastKnownFileType = sourcecode.c.objc; path = ALTTO2OViewController.m; sourceTree = "<group>"; };
		042F3775208F117D00A8DD79 /* ALTTMineViewController.h */ = {isa = PBXFileReference; fileEncoding = 4; lastKnownFileType = sourcecode.c.h; path = ALTTMineViewController.h; sourceTree = "<group>"; };
		042F3776208F117D00A8DD79 /* ALTTMineViewController.m */ = {isa = PBXFileReference; fileEncoding = 4; lastKnownFileType = sourcecode.c.objc; path = ALTTMineViewController.m; sourceTree = "<group>"; };
		042F3783208F119100A8DD79 /* ALTTClubViewController.h */ = {isa = PBXFileReference; lastKnownFileType = sourcecode.c.h; path = ALTTClubViewController.h; sourceTree = "<group>"; };
		042F3784208F119100A8DD79 /* ALTTClubViewController.m */ = {isa = PBXFileReference; lastKnownFileType = sourcecode.c.objc; path = ALTTClubViewController.m; sourceTree = "<group>"; };
		042F3787208F178C00A8DD79 /* XYTransition.h */ = {isa = PBXFileReference; fileEncoding = 4; lastKnownFileType = sourcecode.c.h; path = XYTransition.h; sourceTree = "<group>"; };
		042F3788208F178C00A8DD79 /* XYTransition.m */ = {isa = PBXFileReference; fileEncoding = 4; lastKnownFileType = sourcecode.c.objc; path = XYTransition.m; sourceTree = "<group>"; };
		042F3789208F178C00A8DD79 /* XYTransitionProtocol.h */ = {isa = PBXFileReference; fileEncoding = 4; lastKnownFileType = sourcecode.c.h; path = XYTransitionProtocol.h; sourceTree = "<group>"; };
		042F3795208F1D6700A8DD79 /* ZSHTextFieldCellView.h */ = {isa = PBXFileReference; fileEncoding = 4; lastKnownFileType = sourcecode.c.h; path = ZSHTextFieldCellView.h; sourceTree = "<group>"; };
		042F3796208F1D6800A8DD79 /* ZSHTextFieldCellView.m */ = {isa = PBXFileReference; fileEncoding = 4; lastKnownFileType = sourcecode.c.objc; path = ZSHTextFieldCellView.m; sourceTree = "<group>"; };
		042F3798208F1DE200A8DD79 /* ALTTLoginViewController.h */ = {isa = PBXFileReference; lastKnownFileType = sourcecode.c.h; path = ALTTLoginViewController.h; sourceTree = "<group>"; };
		042F3799208F1DE200A8DD79 /* ALTTLoginViewController.m */ = {isa = PBXFileReference; lastKnownFileType = sourcecode.c.objc; path = ALTTLoginViewController.m; sourceTree = "<group>"; };
		042F379C208F220400A8DD79 /* HCCoordinateConvert.h */ = {isa = PBXFileReference; fileEncoding = 4; lastKnownFileType = sourcecode.c.h; path = HCCoordinateConvert.h; sourceTree = "<group>"; };
		042F379D208F220400A8DD79 /* HCCoordinateConvert.m */ = {isa = PBXFileReference; fileEncoding = 4; lastKnownFileType = sourcecode.c.objc; path = HCCoordinateConvert.m; sourceTree = "<group>"; };
		042F379E208F220400A8DD79 /* HCLocationManager.h */ = {isa = PBXFileReference; fileEncoding = 4; lastKnownFileType = sourcecode.c.h; path = HCLocationManager.h; sourceTree = "<group>"; };
		042F379F208F220400A8DD79 /* HCLocationManager.m */ = {isa = PBXFileReference; fileEncoding = 4; lastKnownFileType = sourcecode.c.objc; path = HCLocationManager.m; sourceTree = "<group>"; };
		042F37A2208F247500A8DD79 /* ALTTTitleContentViewController.h */ = {isa = PBXFileReference; lastKnownFileType = sourcecode.c.h; path = ALTTTitleContentViewController.h; sourceTree = "<group>"; };
		042F37A3208F247500A8DD79 /* ALTTTitleContentViewController.m */ = {isa = PBXFileReference; lastKnownFileType = sourcecode.c.objc; path = ALTTTitleContentViewController.m; sourceTree = "<group>"; };
		042F37A5208F24E500A8DD79 /* ALTTTitleContentViewController+Method.h */ = {isa = PBXFileReference; lastKnownFileType = sourcecode.c.h; path = "ALTTTitleContentViewController+Method.h"; sourceTree = "<group>"; };
		042F37A6208F24E500A8DD79 /* ALTTTitleContentViewController+Method.m */ = {isa = PBXFileReference; lastKnownFileType = sourcecode.c.objc; path = "ALTTTitleContentViewController+Method.m"; sourceTree = "<group>"; };
		042F37A9209066FD00A8DD79 /* ZSHGuideView.h */ = {isa = PBXFileReference; fileEncoding = 4; lastKnownFileType = sourcecode.c.h; path = ZSHGuideView.h; sourceTree = "<group>"; };
		042F37AA209066FD00A8DD79 /* ZSHGuideView.m */ = {isa = PBXFileReference; fileEncoding = 4; lastKnownFileType = sourcecode.c.objc; path = ZSHGuideView.m; sourceTree = "<group>"; };
		042F37AC20906A9000A8DD79 /* ALTTO2OBottomViewController.h */ = {isa = PBXFileReference; lastKnownFileType = sourcecode.c.h; path = ALTTO2OBottomViewController.h; sourceTree = "<group>"; };
		042F37AD20906A9000A8DD79 /* ALTTO2OBottomViewController.m */ = {isa = PBXFileReference; lastKnownFileType = sourcecode.c.objc; path = ALTTO2OBottomViewController.m; sourceTree = "<group>"; };
		04BBDD1520932CA6004E7DCE /* ALTTSingleImgViewController.h */ = {isa = PBXFileReference; lastKnownFileType = sourcecode.c.h; path = ALTTSingleImgViewController.h; sourceTree = "<group>"; };
		04BBDD1620932CA6004E7DCE /* ALTTSingleImgViewController.m */ = {isa = PBXFileReference; lastKnownFileType = sourcecode.c.objc; path = ALTTSingleImgViewController.m; sourceTree = "<group>"; };
		04ECCB9E208DBC7A0017E76F /* ALTT.app */ = {isa = PBXFileReference; explicitFileType = wrapper.application; includeInIndex = 0; path = ALTT.app; sourceTree = BUILT_PRODUCTS_DIR; };
		04ECCBA1208DBC7A0017E76F /* AppDelegate.h */ = {isa = PBXFileReference; lastKnownFileType = sourcecode.c.h; path = AppDelegate.h; sourceTree = "<group>"; };
		04ECCBA2208DBC7A0017E76F /* AppDelegate.m */ = {isa = PBXFileReference; lastKnownFileType = sourcecode.c.objc; path = AppDelegate.m; sourceTree = "<group>"; };
		04ECCBA8208DBC7A0017E76F /* Base */ = {isa = PBXFileReference; lastKnownFileType = file.storyboard; name = Base; path = Base.lproj/Main.storyboard; sourceTree = "<group>"; };
		04ECCBAA208DBC800017E76F /* Assets.xcassets */ = {isa = PBXFileReference; lastKnownFileType = folder.assetcatalog; path = Assets.xcassets; sourceTree = "<group>"; };
		04ECCBAD208DBC800017E76F /* Base */ = {isa = PBXFileReference; lastKnownFileType = file.storyboard; name = Base; path = Base.lproj/LaunchScreen.storyboard; sourceTree = "<group>"; };
		04ECCBAF208DBC800017E76F /* Info.plist */ = {isa = PBXFileReference; lastKnownFileType = text.plist.xml; path = Info.plist; sourceTree = "<group>"; };
		04ECCBB0208DBC800017E76F /* main.m */ = {isa = PBXFileReference; lastKnownFileType = sourcecode.c.objc; path = main.m; sourceTree = "<group>"; };
		04ECCBB6208DBC800017E76F /* ALTTTests.xctest */ = {isa = PBXFileReference; explicitFileType = wrapper.cfbundle; includeInIndex = 0; path = ALTTTests.xctest; sourceTree = BUILT_PRODUCTS_DIR; };
		04ECCBBA208DBC800017E76F /* ALTTTests.m */ = {isa = PBXFileReference; lastKnownFileType = sourcecode.c.objc; path = ALTTTests.m; sourceTree = "<group>"; };
		04ECCBBC208DBC800017E76F /* Info.plist */ = {isa = PBXFileReference; lastKnownFileType = text.plist.xml; path = Info.plist; sourceTree = "<group>"; };
		04ECCBC1208DBC800017E76F /* ALTTUITests.xctest */ = {isa = PBXFileReference; explicitFileType = wrapper.cfbundle; includeInIndex = 0; path = ALTTUITests.xctest; sourceTree = BUILT_PRODUCTS_DIR; };
		04ECCBC5208DBC800017E76F /* ALTTUITests.m */ = {isa = PBXFileReference; lastKnownFileType = sourcecode.c.objc; path = ALTTUITests.m; sourceTree = "<group>"; };
		04ECCBC7208DBC800017E76F /* Info.plist */ = {isa = PBXFileReference; lastKnownFileType = text.plist.xml; path = Info.plist; sourceTree = "<group>"; };
		04F59EBC209089BD004346D4 /* ALTTShopCartViewController.h */ = {isa = PBXFileReference; lastKnownFileType = sourcecode.c.h; path = ALTTShopCartViewController.h; sourceTree = "<group>"; };
		04F59EBD209089BD004346D4 /* ALTTShopCartViewController.m */ = {isa = PBXFileReference; lastKnownFileType = sourcecode.c.objc; path = ALTTShopCartViewController.m; sourceTree = "<group>"; };
		BB059D20E38BDE484265F36A /* libPods-ALTT.a */ = {isa = PBXFileReference; explicitFileType = archive.ar; includeInIndex = 0; path = "libPods-ALTT.a"; sourceTree = BUILT_PRODUCTS_DIR; };
		C3A17D3DD18A6C2F7926D9E5 /* Pods-ALTT.debug.xcconfig */ = {isa = PBXFileReference; includeInIndex = 1; lastKnownFileType = text.xcconfig; name = "Pods-ALTT.debug.xcconfig"; path = "Pods/Target Support Files/Pods-ALTT/Pods-ALTT.debug.xcconfig"; sourceTree = "<group>"; };
		FE68564699681E2B5DFBAB09 /* Pods-ALTT.release.xcconfig */ = {isa = PBXFileReference; includeInIndex = 1; lastKnownFileType = text.xcconfig; name = "Pods-ALTT.release.xcconfig"; path = "Pods/Target Support Files/Pods-ALTT/Pods-ALTT.release.xcconfig"; sourceTree = "<group>"; };
/* End PBXFileReference section */

/* Begin PBXFrameworksBuildPhase section */
		04ECCB9B208DBC7A0017E76F /* Frameworks */ = {
			isa = PBXFrameworksBuildPhase;
			buildActionMask = 2147483647;
			files = (
				F053A49FB78C769F8984A7F1 /* libPods-ALTT.a in Frameworks */,
			);
			runOnlyForDeploymentPostprocessing = 0;
		};
		04ECCBB3208DBC800017E76F /* Frameworks */ = {
			isa = PBXFrameworksBuildPhase;
			buildActionMask = 2147483647;
			files = (
			);
			runOnlyForDeploymentPostprocessing = 0;
		};
		04ECCBBE208DBC800017E76F /* Frameworks */ = {
			isa = PBXFrameworksBuildPhase;
			buildActionMask = 2147483647;
			files = (
			);
			runOnlyForDeploymentPostprocessing = 0;
		};
/* End PBXFrameworksBuildPhase section */

/* Begin PBXGroup section */
		042F3650208EC94000A8DD79 /* Define */ = {
			isa = PBXGroup;
			children = (
				042F3651208EC94000A8DD79 /* CommonMacros.h */,
				042F3652208EC94000A8DD79 /* FontAndColorMacros.h */,
				042F3653208EC94000A8DD79 /* PrefixHeader.pch */,
				042F3654208EC94000A8DD79 /* ThirdMacros.h */,
				042F3655208EC94000A8DD79 /* URLMacros.h */,
				042F3656208EC94000A8DD79 /* UtilsMacros.h */,
			);
			path = Define;
			sourceTree = "<group>";
		};
		042F3657208EC94000A8DD79 /* Resource */ = {
			isa = PBXGroup;
			children = (
				042F37A8209066FD00A8DD79 /* ZSHGuideView */,
				042F379B208F220400A8DD79 /* HCLocationManager */,
				042F3759208F0E7400A8DD79 /* LXScrollContentViewLib */,
				042F367D208EC94000A8DD79 /* SearchVC */,
				042F3680208EC94000A8DD79 /* Slider */,
				042F3687208EC94000A8DD79 /* Tools（工具） */,
				042F368E208EC94000A8DD79 /* TYCyclePagerView */,
				042F3697208EC94000A8DD79 /* XXTextView */,
			);
			path = Resource;
			sourceTree = "<group>";
		};
		042F367D208EC94000A8DD79 /* SearchVC */ = {
			isa = PBXGroup;
			children = (
				042F367E208EC94000A8DD79 /* PYSearchViewController.h */,
				042F367F208EC94000A8DD79 /* PYSearchViewController.m */,
			);
			path = SearchVC;
			sourceTree = "<group>";
		};
		042F3680208EC94000A8DD79 /* Slider */ = {
			isa = PBXGroup;
			children = (
				042F3681208EC94000A8DD79 /* StepSlider.h */,
				042F3682208EC94000A8DD79 /* StepSlider.m */,
				042F3683208EC94000A8DD79 /* YHSlider.h */,
				042F3684208EC94000A8DD79 /* YHSlider.m */,
				042F3685208EC94000A8DD79 /* ZSHCustomSlider.h */,
				042F3686208EC94000A8DD79 /* ZSHCustomSlider.m */,
			);
			path = Slider;
			sourceTree = "<group>";
		};
		042F3687208EC94000A8DD79 /* Tools（工具） */ = {
			isa = PBXGroup;
			children = (
				042F3688208EC94000A8DD79 /* ZSHBaseFunction.h */,
				042F3689208EC94000A8DD79 /* ZSHBaseFunction.m */,
				042F368A208EC94000A8DD79 /* ZSHBaseUIControl.h */,
				042F368B208EC94000A8DD79 /* ZSHBaseUIControl.m */,
			);
			path = "Tools（工具）";
			sourceTree = "<group>";
		};
		042F368E208EC94000A8DD79 /* TYCyclePagerView */ = {
			isa = PBXGroup;
			children = (
				042F368F208EC94000A8DD79 /* TYCyclePagerTransformLayout.h */,
				042F3690208EC94000A8DD79 /* TYCyclePagerTransformLayout.m */,
				042F3691208EC94000A8DD79 /* TYCyclePagerView.h */,
				042F3692208EC94000A8DD79 /* TYCyclePagerView.m */,
				042F3693208EC94000A8DD79 /* TYCyclePagerViewCell.h */,
				042F3694208EC94000A8DD79 /* TYCyclePagerViewCell.m */,
				042F3695208EC94000A8DD79 /* TYPageControl.h */,
				042F3696208EC94000A8DD79 /* TYPageControl.m */,
			);
			path = TYCyclePagerView;
			sourceTree = "<group>";
		};
		042F3697208EC94000A8DD79 /* XXTextView */ = {
			isa = PBXGroup;
			children = (
				042F3698208EC94000A8DD79 /* XXTextView.h */,
				042F3699208EC94000A8DD79 /* XXTextView.m */,
			);
			path = XXTextView;
			sourceTree = "<group>";
		};
		042F36A3208EC94000A8DD79 /* Base */ = {
			isa = PBXGroup;
			children = (
				042F36A4208EC94000A8DD79 /* BaseCollectionReusableView */,
				042F36A7208EC94000A8DD79 /* BaseCollectionViewCell */,
				042F36AA208EC94000A8DD79 /* BaseLogic */,
				042F36AD208EC94000A8DD79 /* BaseSearchView */,
				042F36B0208EC94000A8DD79 /* BaseTableViewModel */,
				042F36B7208EC94000A8DD79 /* BaseView */,
				042F36BA208EC94000A8DD79 /* NavigationController */,
				042F36BD208EC94000A8DD79 /* RootCell */,
				042F36C0208EC94000A8DD79 /* RootModel */,
				042F36C3208EC94000A8DD79 /* RootViewController */,
				042F36C6208EC94000A8DD79 /* TabbarController */,
				042F36CF208EC94000A8DD79 /* WebViewController */,
				042F36DB208EC94000A8DD79 /* ZSHBaseTableView.h */,
				042F36DC208EC94000A8DD79 /* ZSHBaseTableView.m */,
			);
			path = Base;
			sourceTree = "<group>";
		};
		042F36A4208EC94000A8DD79 /* BaseCollectionReusableView */ = {
			isa = PBXGroup;
			children = (
				042F36A5208EC94000A8DD79 /* ZSHBaseCollectionReusableView.h */,
				042F36A6208EC94000A8DD79 /* ZSHBaseCollectionReusableView.m */,
			);
			path = BaseCollectionReusableView;
			sourceTree = "<group>";
		};
		042F36A7208EC94000A8DD79 /* BaseCollectionViewCell */ = {
			isa = PBXGroup;
			children = (
				042F36A8208EC94000A8DD79 /* ZSHBaseCollectionViewCell.h */,
				042F36A9208EC94000A8DD79 /* ZSHBaseCollectionViewCell.m */,
			);
			path = BaseCollectionViewCell;
			sourceTree = "<group>";
		};
		042F36AA208EC94000A8DD79 /* BaseLogic */ = {
			isa = PBXGroup;
			children = (
				042F36AB208EC94000A8DD79 /* ZSHBaseLogic.h */,
				042F36AC208EC94000A8DD79 /* ZSHBaseLogic.m */,
			);
			path = BaseLogic;
			sourceTree = "<group>";
		};
		042F36AD208EC94000A8DD79 /* BaseSearchView */ = {
			isa = PBXGroup;
			children = (
				042F36AE208EC94000A8DD79 /* ZSHSearchBarView.h */,
				042F36AF208EC94000A8DD79 /* ZSHSearchBarView.m */,
			);
			path = BaseSearchView;
			sourceTree = "<group>";
		};
		042F36B0208EC94000A8DD79 /* BaseTableViewModel */ = {
			isa = PBXGroup;
			children = (
				042F36B1208EC94000A8DD79 /* ZSHBaseTableViewCellModel.h */,
				042F36B2208EC94000A8DD79 /* ZSHBaseTableViewCellModel.m */,
				042F36B3208EC94000A8DD79 /* ZSHBaseTableViewModel.h */,
				042F36B4208EC94000A8DD79 /* ZSHBaseTableViewModel.m */,
				042F36B5208EC94000A8DD79 /* ZSHBaseTableViewSectionModel.h */,
				042F36B6208EC94000A8DD79 /* ZSHBaseTableViewSectionModel.m */,
			);
			path = BaseTableViewModel;
			sourceTree = "<group>";
		};
		042F36B7208EC94000A8DD79 /* BaseView */ = {
			isa = PBXGroup;
			children = (
				042F36B8208EC94000A8DD79 /* ZSHBaseView.h */,
				042F36B9208EC94000A8DD79 /* ZSHBaseView.m */,
			);
			path = BaseView;
			sourceTree = "<group>";
		};
		042F36BA208EC94000A8DD79 /* NavigationController */ = {
			isa = PBXGroup;
			children = (
				042F36BB208EC94000A8DD79 /* RootNavigationController.h */,
				042F36BC208EC94000A8DD79 /* RootNavigationController.m */,
			);
			path = NavigationController;
			sourceTree = "<group>";
		};
		042F36BD208EC94000A8DD79 /* RootCell */ = {
			isa = PBXGroup;
			children = (
				042F3795208F1D6700A8DD79 /* ZSHTextFieldCellView.h */,
				042F3796208F1D6800A8DD79 /* ZSHTextFieldCellView.m */,
				042F36BE208EC94000A8DD79 /* ZSHBaseCell.h */,
				042F36BF208EC94000A8DD79 /* ZSHBaseCell.m */,
			);
			path = RootCell;
			sourceTree = "<group>";
		};
		042F36C0208EC94000A8DD79 /* RootModel */ = {
			isa = PBXGroup;
			children = (
				042F36C1208EC94000A8DD79 /* ZSHBaseModel.h */,
				042F36C2208EC94000A8DD79 /* ZSHBaseModel.m */,
			);
			path = RootModel;
			sourceTree = "<group>";
		};
		042F36C3208EC94000A8DD79 /* RootViewController */ = {
			isa = PBXGroup;
			children = (
				042F36C4208EC94000A8DD79 /* RootViewController.h */,
				042F36C5208EC94000A8DD79 /* RootViewController.m */,
				042F37A2208F247500A8DD79 /* ALTTTitleContentViewController.h */,
				042F37A3208F247500A8DD79 /* ALTTTitleContentViewController.m */,
				042F37A5208F24E500A8DD79 /* ALTTTitleContentViewController+Method.h */,
				042F37A6208F24E500A8DD79 /* ALTTTitleContentViewController+Method.m */,
				04BBDD1520932CA6004E7DCE /* ALTTSingleImgViewController.h */,
				04BBDD1620932CA6004E7DCE /* ALTTSingleImgViewController.m */,
			);
			path = RootViewController;
			sourceTree = "<group>";
		};
		042F36C6208EC94000A8DD79 /* TabbarController */ = {
			isa = PBXGroup;
			children = (
				042F36C7208EC94000A8DD79 /* MainTabBarController.h */,
				042F36C8208EC94000A8DD79 /* MainTabBarController.m */,
				042F36C9208EC94000A8DD79 /* TabBar.h */,
				042F36CA208EC94000A8DD79 /* TabBar.m */,
				042F36CB208EC94000A8DD79 /* TabBarBadge.h */,
				042F36CC208EC94000A8DD79 /* TabBarBadge.m */,
				042F36CD208EC94000A8DD79 /* TabBarItem.h */,
				042F36CE208EC94000A8DD79 /* TabBarItem.m */,
			);
			path = TabbarController;
			sourceTree = "<group>";
		};
		042F36CF208EC94000A8DD79 /* WebViewController */ = {
			isa = PBXGroup;
			children = (
				042F36D0208EC94000A8DD79 /* NJKWebViewProgress */,
				042F36D5208EC94000A8DD79 /* RootWebViewController.h */,
				042F36D6208EC94000A8DD79 /* RootWebViewController.m */,
				042F36D7208EC94000A8DD79 /* RxWebViewController.h */,
				042F36D8208EC94000A8DD79 /* RxWebViewController.m */,
				042F36D9208EC94000A8DD79 /* RxWebViewNavigationViewController.h */,
				042F36DA208EC94000A8DD79 /* RxWebViewNavigationViewController.m */,
			);
			path = WebViewController;
			sourceTree = "<group>";
		};
		042F36D0208EC94000A8DD79 /* NJKWebViewProgress */ = {
			isa = PBXGroup;
			children = (
				042F36D1208EC94000A8DD79 /* NJKWebViewProgress.h */,
				042F36D2208EC94000A8DD79 /* NJKWebViewProgress.m */,
				042F36D3208EC94000A8DD79 /* NJKWebViewProgressView.h */,
				042F36D4208EC94000A8DD79 /* NJKWebViewProgressView.m */,
			);
			path = NJKWebViewProgress;
			sourceTree = "<group>";
		};
		042F36DD208EC94000A8DD79 /* Modules */ = {
			isa = PBXGroup;
			children = (
				042F378E208F1BE000A8DD79 /* Login */,
				042F3779208F117D00A8DD79 /* Club */,
				042F3767208F117C00A8DD79 /* Gem */,
				042F3773208F117D00A8DD79 /* Me */,
				042F376D208F117D00A8DD79 /* O2O */,
				042F3760208F10E600A8DD79 /* Home */,
			);
			path = Modules;
			sourceTree = "<group>";
		};
		042F3716208EC9EE00A8DD79 /* Define */ = {
			isa = PBXGroup;
			children = (
				042F3717208EC9EE00A8DD79 /* CommonMacros.h */,
				042F3718208EC9EE00A8DD79 /* FontAndColorMacros.h */,
				042F3719208EC9EE00A8DD79 /* PrefixHeader.pch */,
				042F371A208EC9EE00A8DD79 /* ThirdMacros.h */,
				042F371B208EC9EE00A8DD79 /* URLMacros.h */,
				042F371C208EC9EE00A8DD79 /* UtilsMacros.h */,
			);
			path = Define;
			sourceTree = "<group>";
		};
		042F371D208ECBD000A8DD79 /* Utils */ = {
			isa = PBXGroup;
			children = (
				042F3786208F178C00A8DD79 /* XYTransition */,
				042F371E208ECBD000A8DD79 /* Category */,
				042F373B208ECBD000A8DD79 /* MBProgressHUD */,
				042F373E208ECBD000A8DD79 /* NetWork */,
				042F3744208ECBD000A8DD79 /* Reachability */,
			);
			path = Utils;
			sourceTree = "<group>";
		};
		042F371E208ECBD000A8DD79 /* Category */ = {
			isa = PBXGroup;
			children = (
				042F371F208ECBD000A8DD79 /* NSArray+Log.h */,
				042F3720208ECBD000A8DD79 /* NSArray+Log.m */,
				042F3721208ECBD000A8DD79 /* NSDictionary+Log.h */,
				042F3722208ECBD000A8DD79 /* NSDictionary+Log.m */,
				042F3723208ECBD000A8DD79 /* NSDictionary+Safe.h */,
				042F3724208ECBD000A8DD79 /* NSDictionary+Safe.m */,
				042F3725208ECBD000A8DD79 /* NSString+pinyin.h */,
				042F3726208ECBD000A8DD79 /* NSString+pinyin.m */,
				042F3727208ECBD000A8DD79 /* NSString+unicode.h */,
				042F3728208ECBD000A8DD79 /* NSString+unicode.m */,
				042F3729208ECBD000A8DD79 /* UIButton+XYButton.h */,
				042F372A208ECBD000A8DD79 /* UIButton+XYButton.m */,
				042F372B208ECBD000A8DD79 /* UICollectionView+IndexPath.h */,
				042F372C208ECBD000A8DD79 /* UICollectionView+IndexPath.m */,
				042F372D208ECBD000A8DD79 /* UIImage+BlurGlass.h */,
				042F372E208ECBD000A8DD79 /* UIImage+BlurGlass.m */,
				042F372F208ECBD000A8DD79 /* UIImage+ImageEffects.h */,
				042F3730208ECBD000A8DD79 /* UIImage+ImageEffects.m */,
				042F3731208ECBD000A8DD79 /* UIImage+String.h */,
				042F3732208ECBD000A8DD79 /* UIImage+String.m */,
				042F3733208ECBD000A8DD79 /* UILabel+Spacing.h */,
				042F3734208ECBD000A8DD79 /* UILabel+Spacing.m */,
				042F3735208ECBD000A8DD79 /* UIView+ZSHExtension.h */,
				042F3736208ECBD000A8DD79 /* UIView+ZSHExtension.m */,
				042F3737208ECBD000A8DD79 /* UIViewController+AlertViewAndActionSheet.h */,
				042F3738208ECBD000A8DD79 /* UIViewController+AlertViewAndActionSheet.m */,
				042F3739208ECBD000A8DD79 /* ZSHRegisterModel.h */,
				042F373A208ECBD000A8DD79 /* ZSHRegisterModel.m */,
			);
			path = Category;
			sourceTree = "<group>";
		};
		042F373B208ECBD000A8DD79 /* MBProgressHUD */ = {
			isa = PBXGroup;
			children = (
				042F373C208ECBD000A8DD79 /* MBProgressHUD+XY.h */,
				042F373D208ECBD000A8DD79 /* MBProgressHUD+XY.m */,
			);
			path = MBProgressHUD;
			sourceTree = "<group>";
		};
		042F373E208ECBD000A8DD79 /* NetWork */ = {
			isa = PBXGroup;
			children = (
				042F373F208ECBD000A8DD79 /* PPNetworkHelper */,
			);
			path = NetWork;
			sourceTree = "<group>";
		};
		042F373F208ECBD000A8DD79 /* PPNetworkHelper */ = {
			isa = PBXGroup;
			children = (
				042F3740208ECBD000A8DD79 /* PPNetworkCache.h */,
				042F3741208ECBD000A8DD79 /* PPNetworkCache.m */,
				042F3742208ECBD000A8DD79 /* PPNetworkHelper.h */,
				042F3743208ECBD000A8DD79 /* PPNetworkHelper.m */,
			);
			path = PPNetworkHelper;
			sourceTree = "<group>";
		};
		042F3744208ECBD000A8DD79 /* Reachability */ = {
			isa = PBXGroup;
			children = (
				042F3745208ECBD000A8DD79 /* Reachability.h */,
				042F3746208ECBD000A8DD79 /* Reachability.m */,
			);
			path = Reachability;
			sourceTree = "<group>";
		};
		042F3759208F0E7400A8DD79 /* LXScrollContentViewLib */ = {
			isa = PBXGroup;
			children = (
				042F375A208F0E7400A8DD79 /* LXScollTitleView.h */,
				042F375B208F0E7400A8DD79 /* LXScollTitleView.m */,
				042F375C208F0E7400A8DD79 /* LXScrollContentView.h */,
				042F375D208F0E7400A8DD79 /* LXScrollContentView.m */,
			);
			path = LXScrollContentViewLib;
			sourceTree = "<group>";
		};
		042F3760208F10E600A8DD79 /* Home */ = {
			isa = PBXGroup;
			children = (
				042F3761208F10E600A8DD79 /* Controller */,
				042F3762208F10E600A8DD79 /* Model */,
				042F3763208F10E600A8DD79 /* View */,
			);
			path = Home;
			sourceTree = "<group>";
		};
		042F3761208F10E600A8DD79 /* Controller */ = {
			isa = PBXGroup;
			children = (
				042F3764208F10FF00A8DD79 /* ALTTHomeViewController.h */,
				042F3765208F10FF00A8DD79 /* ALTTHomeViewController.m */,
			);
			path = Controller;
			sourceTree = "<group>";
		};
		042F3762208F10E600A8DD79 /* Model */ = {
			isa = PBXGroup;
			children = (
			);
			path = Model;
			sourceTree = "<group>";
		};
		042F3763208F10E600A8DD79 /* View */ = {
			isa = PBXGroup;
			children = (
			);
			path = View;
			sourceTree = "<group>";
		};
		042F3767208F117C00A8DD79 /* Gem */ = {
			isa = PBXGroup;
			children = (
				042F3768208F117C00A8DD79 /* Controller */,
				042F376B208F117C00A8DD79 /* Model */,
				042F376C208F117C00A8DD79 /* View */,
			);
			path = Gem;
			sourceTree = "<group>";
		};
		042F3768208F117C00A8DD79 /* Controller */ = {
			isa = PBXGroup;
			children = (
				042F3769208F117C00A8DD79 /* ALTTGemViewController.h */,
				042F376A208F117C00A8DD79 /* ALTTGemViewController.m */,
			);
			path = Controller;
			sourceTree = "<group>";
		};
		042F376B208F117C00A8DD79 /* Model */ = {
			isa = PBXGroup;
			children = (
			);
			path = Model;
			sourceTree = "<group>";
		};
		042F376C208F117C00A8DD79 /* View */ = {
			isa = PBXGroup;
			children = (
			);
			path = View;
			sourceTree = "<group>";
		};
		042F376D208F117D00A8DD79 /* O2O */ = {
			isa = PBXGroup;
			children = (
				042F376E208F117D00A8DD79 /* Controller */,
				042F3771208F117D00A8DD79 /* Model */,
				042F3772208F117D00A8DD79 /* View */,
			);
			path = O2O;
			sourceTree = "<group>";
		};
		042F376E208F117D00A8DD79 /* Controller */ = {
			isa = PBXGroup;
			children = (
				042F376F208F117D00A8DD79 /* ALTTO2OViewController.h */,
				042F3770208F117D00A8DD79 /* ALTTO2OViewController.m */,
				042F37AC20906A9000A8DD79 /* ALTTO2OBottomViewController.h */,
				042F37AD20906A9000A8DD79 /* ALTTO2OBottomViewController.m */,
				04F59EBC209089BD004346D4 /* ALTTShopCartViewController.h */,
				04F59EBD209089BD004346D4 /* ALTTShopCartViewController.m */,
			);
			path = Controller;
			sourceTree = "<group>";
		};
		042F3771208F117D00A8DD79 /* Model */ = {
			isa = PBXGroup;
			children = (
			);
			path = Model;
			sourceTree = "<group>";
		};
		042F3772208F117D00A8DD79 /* View */ = {
			isa = PBXGroup;
			children = (
			);
			path = View;
			sourceTree = "<group>";
		};
		042F3773208F117D00A8DD79 /* Me */ = {
			isa = PBXGroup;
			children = (
				042F3774208F117D00A8DD79 /* Controller */,
				042F3777208F117D00A8DD79 /* Model */,
				042F3778208F117D00A8DD79 /* View */,
			);
			path = Me;
			sourceTree = "<group>";
		};
		042F3774208F117D00A8DD79 /* Controller */ = {
			isa = PBXGroup;
			children = (
				042F3775208F117D00A8DD79 /* ALTTMineViewController.h */,
				042F3776208F117D00A8DD79 /* ALTTMineViewController.m */,
			);
			path = Controller;
			sourceTree = "<group>";
		};
		042F3777208F117D00A8DD79 /* Model */ = {
			isa = PBXGroup;
			children = (
			);
			path = Model;
			sourceTree = "<group>";
		};
		042F3778208F117D00A8DD79 /* View */ = {
			isa = PBXGroup;
			children = (
			);
			path = View;
			sourceTree = "<group>";
		};
		042F3779208F117D00A8DD79 /* Club */ = {
			isa = PBXGroup;
			children = (
				042F377A208F117D00A8DD79 /* Controller */,
				042F377D208F117D00A8DD79 /* Model */,
				042F377E208F117D00A8DD79 /* View */,
			);
			path = Club;
			sourceTree = "<group>";
		};
		042F377A208F117D00A8DD79 /* Controller */ = {
			isa = PBXGroup;
			children = (
				042F3783208F119100A8DD79 /* ALTTClubViewController.h */,
				042F3784208F119100A8DD79 /* ALTTClubViewController.m */,
			);
			path = Controller;
			sourceTree = "<group>";
		};
		042F377D208F117D00A8DD79 /* Model */ = {
			isa = PBXGroup;
			children = (
			);
			path = Model;
			sourceTree = "<group>";
		};
		042F377E208F117D00A8DD79 /* View */ = {
			isa = PBXGroup;
			children = (
			);
			path = View;
			sourceTree = "<group>";
		};
		042F3786208F178C00A8DD79 /* XYTransition */ = {
			isa = PBXGroup;
			children = (
				042F3787208F178C00A8DD79 /* XYTransition.h */,
				042F3788208F178C00A8DD79 /* XYTransition.m */,
				042F3789208F178C00A8DD79 /* XYTransitionProtocol.h */,
			);
			path = XYTransition;
			sourceTree = "<group>";
		};
		042F378E208F1BE000A8DD79 /* Login */ = {
			isa = PBXGroup;
			children = (
				042F378F208F1BE000A8DD79 /* Controller */,
				042F3792208F1BE000A8DD79 /* Model */,
				042F3793208F1BE000A8DD79 /* View */,
			);
			path = Login;
			sourceTree = "<group>";
		};
		042F378F208F1BE000A8DD79 /* Controller */ = {
			isa = PBXGroup;
			children = (
				042F3798208F1DE200A8DD79 /* ALTTLoginViewController.h */,
				042F3799208F1DE200A8DD79 /* ALTTLoginViewController.m */,
			);
			path = Controller;
			sourceTree = "<group>";
		};
		042F3792208F1BE000A8DD79 /* Model */ = {
			isa = PBXGroup;
			children = (
			);
			path = Model;
			sourceTree = "<group>";
		};
		042F3793208F1BE000A8DD79 /* View */ = {
			isa = PBXGroup;
			children = (
			);
			path = View;
			sourceTree = "<group>";
		};
		042F379B208F220400A8DD79 /* HCLocationManager */ = {
			isa = PBXGroup;
			children = (
				042F379C208F220400A8DD79 /* HCCoordinateConvert.h */,
				042F379D208F220400A8DD79 /* HCCoordinateConvert.m */,
				042F379E208F220400A8DD79 /* HCLocationManager.h */,
				042F379F208F220400A8DD79 /* HCLocationManager.m */,
			);
			path = HCLocationManager;
			sourceTree = "<group>";
		};
		042F37A8209066FD00A8DD79 /* ZSHGuideView */ = {
			isa = PBXGroup;
			children = (
				042F37A9209066FD00A8DD79 /* ZSHGuideView.h */,
				042F37AA209066FD00A8DD79 /* ZSHGuideView.m */,
			);
			path = ZSHGuideView;
			sourceTree = "<group>";
		};
		04ECCB95208DBC7A0017E76F = {
			isa = PBXGroup;
			children = (
				04ECCBA0208DBC7A0017E76F /* ALTT */,
				04ECCBB9208DBC800017E76F /* ALTTTests */,
				04ECCBC4208DBC800017E76F /* ALTTUITests */,
				04ECCB9F208DBC7A0017E76F /* Products */,
				31C5618533811CAD9CE9CDF9 /* Pods */,
				36E2D0A21BCB246B054645FF /* Frameworks */,
			);
			sourceTree = "<group>";
		};
		04ECCB9F208DBC7A0017E76F /* Products */ = {
			isa = PBXGroup;
			children = (
				04ECCB9E208DBC7A0017E76F /* ALTT.app */,
				04ECCBB6208DBC800017E76F /* ALTTTests.xctest */,
				04ECCBC1208DBC800017E76F /* ALTTUITests.xctest */,
			);
			name = Products;
			sourceTree = "<group>";
		};
		04ECCBA0208DBC7A0017E76F /* ALTT */ = {
			isa = PBXGroup;
			children = (
				042F371D208ECBD000A8DD79 /* Utils */,
				042F3716208EC9EE00A8DD79 /* Define */,
				042F36A3208EC94000A8DD79 /* Base */,
				042F3650208EC94000A8DD79 /* Define */,
				042F36DD208EC94000A8DD79 /* Modules */,
				042F3657208EC94000A8DD79 /* Resource */,
				04ECCBA1208DBC7A0017E76F /* AppDelegate.h */,
				04ECCBA2208DBC7A0017E76F /* AppDelegate.m */,
				042F3713208EC98000A8DD79 /* AppDelegate+AppService.h */,
				042F3714208EC98000A8DD79 /* AppDelegate+AppService.m */,
				04ECCBA7208DBC7A0017E76F /* Main.storyboard */,
				04ECCBAA208DBC800017E76F /* Assets.xcassets */,
				04ECCBAC208DBC800017E76F /* LaunchScreen.storyboard */,
				04ECCBAF208DBC800017E76F /* Info.plist */,
				04ECCBB0208DBC800017E76F /* main.m */,
			);
			path = ALTT;
			sourceTree = "<group>";
		};
		04ECCBB9208DBC800017E76F /* ALTTTests */ = {
			isa = PBXGroup;
			children = (
				04ECCBBA208DBC800017E76F /* ALTTTests.m */,
				04ECCBBC208DBC800017E76F /* Info.plist */,
			);
			path = ALTTTests;
			sourceTree = "<group>";
		};
		04ECCBC4208DBC800017E76F /* ALTTUITests */ = {
			isa = PBXGroup;
			children = (
				04ECCBC5208DBC800017E76F /* ALTTUITests.m */,
				04ECCBC7208DBC800017E76F /* Info.plist */,
			);
			path = ALTTUITests;
			sourceTree = "<group>";
		};
		31C5618533811CAD9CE9CDF9 /* Pods */ = {
			isa = PBXGroup;
			children = (
				C3A17D3DD18A6C2F7926D9E5 /* Pods-ALTT.debug.xcconfig */,
				FE68564699681E2B5DFBAB09 /* Pods-ALTT.release.xcconfig */,
			);
			name = Pods;
			sourceTree = "<group>";
		};
		36E2D0A21BCB246B054645FF /* Frameworks */ = {
			isa = PBXGroup;
			children = (
				BB059D20E38BDE484265F36A /* libPods-ALTT.a */,
			);
			name = Frameworks;
			sourceTree = "<group>";
		};
/* End PBXGroup section */

/* Begin PBXNativeTarget section */
		04ECCB9D208DBC7A0017E76F /* ALTT */ = {
			isa = PBXNativeTarget;
			buildConfigurationList = 04ECCBCA208DBC800017E76F /* Build configuration list for PBXNativeTarget "ALTT" */;
			buildPhases = (
				B4371AE24600C1D0EB35F2E9 /* [CP] Check Pods Manifest.lock */,
				04ECCB9A208DBC7A0017E76F /* Sources */,
				04ECCB9B208DBC7A0017E76F /* Frameworks */,
				04ECCB9C208DBC7A0017E76F /* Resources */,
				6318D9E19CC2C5C9E2BE4D00 /* [CP] Embed Pods Frameworks */,
				DED8D1B73541ADA67C64EA3A /* [CP] Copy Pods Resources */,
			);
			buildRules = (
			);
			dependencies = (
			);
			name = ALTT;
			productName = ALTT;
			productReference = 04ECCB9E208DBC7A0017E76F /* ALTT.app */;
			productType = "com.apple.product-type.application";
		};
		04ECCBB5208DBC800017E76F /* ALTTTests */ = {
			isa = PBXNativeTarget;
			buildConfigurationList = 04ECCBCD208DBC800017E76F /* Build configuration list for PBXNativeTarget "ALTTTests" */;
			buildPhases = (
				04ECCBB2208DBC800017E76F /* Sources */,
				04ECCBB3208DBC800017E76F /* Frameworks */,
				04ECCBB4208DBC800017E76F /* Resources */,
			);
			buildRules = (
			);
			dependencies = (
				04ECCBB8208DBC800017E76F /* PBXTargetDependency */,
			);
			name = ALTTTests;
			productName = ALTTTests;
			productReference = 04ECCBB6208DBC800017E76F /* ALTTTests.xctest */;
			productType = "com.apple.product-type.bundle.unit-test";
		};
		04ECCBC0208DBC800017E76F /* ALTTUITests */ = {
			isa = PBXNativeTarget;
			buildConfigurationList = 04ECCBD0208DBC800017E76F /* Build configuration list for PBXNativeTarget "ALTTUITests" */;
			buildPhases = (
				04ECCBBD208DBC800017E76F /* Sources */,
				04ECCBBE208DBC800017E76F /* Frameworks */,
				04ECCBBF208DBC800017E76F /* Resources */,
			);
			buildRules = (
			);
			dependencies = (
				04ECCBC3208DBC800017E76F /* PBXTargetDependency */,
			);
			name = ALTTUITests;
			productName = ALTTUITests;
			productReference = 04ECCBC1208DBC800017E76F /* ALTTUITests.xctest */;
			productType = "com.apple.product-type.bundle.ui-testing";
		};
/* End PBXNativeTarget section */

/* Begin PBXProject section */
		04ECCB96208DBC7A0017E76F /* Project object */ = {
			isa = PBXProject;
			attributes = {
				CLASSPREFIX = ALTT;
				LastUpgradeCheck = 0930;
				ORGANIZATIONNAME = mac;
				TargetAttributes = {
					04ECCB9D208DBC7A0017E76F = {
						CreatedOnToolsVersion = 9.3;
					};
					04ECCBB5208DBC800017E76F = {
						CreatedOnToolsVersion = 9.3;
						TestTargetID = 04ECCB9D208DBC7A0017E76F;
					};
					04ECCBC0208DBC800017E76F = {
						CreatedOnToolsVersion = 9.3;
						TestTargetID = 04ECCB9D208DBC7A0017E76F;
					};
				};
			};
			buildConfigurationList = 04ECCB99208DBC7A0017E76F /* Build configuration list for PBXProject "ALTT" */;
			compatibilityVersion = "Xcode 9.3";
			developmentRegion = en;
			hasScannedForEncodings = 0;
			knownRegions = (
				en,
				Base,
			);
			mainGroup = 04ECCB95208DBC7A0017E76F;
			productRefGroup = 04ECCB9F208DBC7A0017E76F /* Products */;
			projectDirPath = "";
			projectRoot = "";
			targets = (
				04ECCB9D208DBC7A0017E76F /* ALTT */,
				04ECCBB5208DBC800017E76F /* ALTTTests */,
				04ECCBC0208DBC800017E76F /* ALTTUITests */,
			);
		};
/* End PBXProject section */

/* Begin PBXResourcesBuildPhase section */
		04ECCB9C208DBC7A0017E76F /* Resources */ = {
			isa = PBXResourcesBuildPhase;
			buildActionMask = 2147483647;
			files = (
				04ECCBAE208DBC800017E76F /* LaunchScreen.storyboard in Resources */,
				04ECCBAB208DBC800017E76F /* Assets.xcassets in Resources */,
				04ECCBA9208DBC7A0017E76F /* Main.storyboard in Resources */,
			);
			runOnlyForDeploymentPostprocessing = 0;
		};
		04ECCBB4208DBC800017E76F /* Resources */ = {
			isa = PBXResourcesBuildPhase;
			buildActionMask = 2147483647;
			files = (
			);
			runOnlyForDeploymentPostprocessing = 0;
		};
		04ECCBBF208DBC800017E76F /* Resources */ = {
			isa = PBXResourcesBuildPhase;
			buildActionMask = 2147483647;
			files = (
			);
			runOnlyForDeploymentPostprocessing = 0;
		};
/* End PBXResourcesBuildPhase section */

/* Begin PBXShellScriptBuildPhase section */
		6318D9E19CC2C5C9E2BE4D00 /* [CP] Embed Pods Frameworks */ = {
			isa = PBXShellScriptBuildPhase;
			buildActionMask = 2147483647;
			files = (
			);
			inputPaths = (
			);
			name = "[CP] Embed Pods Frameworks";
			outputPaths = (
			);
			runOnlyForDeploymentPostprocessing = 0;
			shellPath = /bin/sh;
			shellScript = "\"${SRCROOT}/Pods/Target Support Files/Pods-ALTT/Pods-ALTT-frameworks.sh\"\n";
			showEnvVarsInLog = 0;
		};
		B4371AE24600C1D0EB35F2E9 /* [CP] Check Pods Manifest.lock */ = {
			isa = PBXShellScriptBuildPhase;
			buildActionMask = 2147483647;
			files = (
			);
			inputPaths = (
				"${PODS_PODFILE_DIR_PATH}/Podfile.lock",
				"${PODS_ROOT}/Manifest.lock",
			);
			name = "[CP] Check Pods Manifest.lock";
			outputPaths = (
				"$(DERIVED_FILE_DIR)/Pods-ALTT-checkManifestLockResult.txt",
			);
			runOnlyForDeploymentPostprocessing = 0;
			shellPath = /bin/sh;
			shellScript = "diff \"${PODS_PODFILE_DIR_PATH}/Podfile.lock\" \"${PODS_ROOT}/Manifest.lock\" > /dev/null\nif [ $? != 0 ] ; then\n    # print error to STDERR\n    echo \"error: The sandbox is not in sync with the Podfile.lock. Run 'pod install' or update your CocoaPods installation.\" >&2\n    exit 1\nfi\n# This output is used by Xcode 'outputs' to avoid re-running this script phase.\necho \"SUCCESS\" > \"${SCRIPT_OUTPUT_FILE_0}\"\n";
			showEnvVarsInLog = 0;
		};
		DED8D1B73541ADA67C64EA3A /* [CP] Copy Pods Resources */ = {
			isa = PBXShellScriptBuildPhase;
			buildActionMask = 2147483647;
			files = (
			);
			inputPaths = (
				"${SRCROOT}/Pods/Target Support Files/Pods-ALTT/Pods-ALTT-resources.sh",
				"${PODS_ROOT}/IQKeyboardManager/IQKeyboardManager/Resources/IQKeyboardManager.bundle",
				"${PODS_ROOT}/MJRefresh/MJRefresh/MJRefresh.bundle",
			);
			name = "[CP] Copy Pods Resources";
			outputPaths = (
				"${TARGET_BUILD_DIR}/${UNLOCALIZED_RESOURCES_FOLDER_PATH}",
			);
			runOnlyForDeploymentPostprocessing = 0;
			shellPath = /bin/sh;
			shellScript = "\"${SRCROOT}/Pods/Target Support Files/Pods-ALTT/Pods-ALTT-resources.sh\"\n";
			showEnvVarsInLog = 0;
		};
/* End PBXShellScriptBuildPhase section */

/* Begin PBXSourcesBuildPhase section */
		04ECCB9A208DBC7A0017E76F /* Sources */ = {
			isa = PBXSourcesBuildPhase;
			buildActionMask = 2147483647;
			files = (
				042F370D208EC94100A8DD79 /* NJKWebViewProgress.m in Sources */,
				042F3748208ECBD000A8DD79 /* NSDictionary+Log.m in Sources */,
				042F3709208EC94100A8DD79 /* MainTabBarController.m in Sources */,
				04BBDD1720932CA6004E7DCE /* ALTTSingleImgViewController.m in Sources */,
				042F378A208F178C00A8DD79 /* XYTransition.m in Sources */,
				042F3747208ECBD000A8DD79 /* NSArray+Log.m in Sources */,
				042F36F5208EC94100A8DD79 /* ZSHBaseFunction.m in Sources */,
				042F374D208ECBD000A8DD79 /* UICollectionView+IndexPath.m in Sources */,
				042F36FE208EC94100A8DD79 /* ZSHBaseCollectionViewCell.m in Sources */,
				042F36FD208EC94100A8DD79 /* ZSHBaseCollectionReusableView.m in Sources */,
				042F375E208F0E7400A8DD79 /* LXScollTitleView.m in Sources */,
				042F3797208F1D6800A8DD79 /* ZSHTextFieldCellView.m in Sources */,
				04ECCBB1208DBC800017E76F /* main.m in Sources */,
				042F3754208ECBD000A8DD79 /* ZSHRegisterModel.m in Sources */,
				042F3704208EC94100A8DD79 /* ZSHBaseView.m in Sources */,
				042F3707208EC94100A8DD79 /* ZSHBaseModel.m in Sources */,
				042F3750208ECBD000A8DD79 /* UIImage+String.m in Sources */,
				042F370B208EC94100A8DD79 /* TabBarBadge.m in Sources */,
				042F3710208EC94100A8DD79 /* RxWebViewController.m in Sources */,
				04ECCBA3208DBC7A0017E76F /* AppDelegate.m in Sources */,
				042F374E208ECBD000A8DD79 /* UIImage+BlurGlass.m in Sources */,
				042F3757208ECBD000A8DD79 /* PPNetworkHelper.m in Sources */,
				042F370E208EC94100A8DD79 /* NJKWebViewProgressView.m in Sources */,
				042F3781208F117D00A8DD79 /* ALTTMineViewController.m in Sources */,
				042F37A1208F220400A8DD79 /* HCLocationManager.m in Sources */,
				042F3715208EC98000A8DD79 /* AppDelegate+AppService.m in Sources */,
				042F3700208EC94100A8DD79 /* ZSHSearchBarView.m in Sources */,
				042F3705208EC94100A8DD79 /* RootNavigationController.m in Sources */,
				042F370A208EC94100A8DD79 /* TabBar.m in Sources */,
				042F374F208ECBD000A8DD79 /* UIImage+ImageEffects.m in Sources */,
				042F374A208ECBD000A8DD79 /* NSString+pinyin.m in Sources */,
				042F3785208F119100A8DD79 /* ALTTClubViewController.m in Sources */,
				042F3766208F10FF00A8DD79 /* ALTTHomeViewController.m in Sources */,
				042F3703208EC94100A8DD79 /* ZSHBaseTableViewSectionModel.m in Sources */,
				042F3753208ECBD000A8DD79 /* UIViewController+AlertViewAndActionSheet.m in Sources */,
				042F379A208F1DE200A8DD79 /* ALTTLoginViewController.m in Sources */,
				042F3749208ECBD000A8DD79 /* NSDictionary+Safe.m in Sources */,
				042F3780208F117D00A8DD79 /* ALTTO2OViewController.m in Sources */,
				042F3706208EC94100A8DD79 /* ZSHBaseCell.m in Sources */,
				042F374C208ECBD000A8DD79 /* UIButton+XYButton.m in Sources */,
				042F3755208ECBD000A8DD79 /* MBProgressHUD+XY.m in Sources */,
				042F36F3208EC94100A8DD79 /* YHSlider.m in Sources */,
				042F3701208EC94100A8DD79 /* ZSHBaseTableViewCellModel.m in Sources */,
				042F36FA208EC94100A8DD79 /* TYCyclePagerViewCell.m in Sources */,
				042F3711208EC94100A8DD79 /* RxWebViewNavigationViewController.m in Sources */,
				042F36FB208EC94100A8DD79 /* TYPageControl.m in Sources */,
				042F37AE20906A9000A8DD79 /* ALTTO2OBottomViewController.m in Sources */,
				042F3712208EC94100A8DD79 /* ZSHBaseTableView.m in Sources */,
				042F36F1208EC94100A8DD79 /* PYSearchViewController.m in Sources */,
				042F36FC208EC94100A8DD79 /* XXTextView.m in Sources */,
				042F36F6208EC94100A8DD79 /* ZSHBaseUIControl.m in Sources */,
				042F377F208F117D00A8DD79 /* ALTTGemViewController.m in Sources */,
				042F36F4208EC94100A8DD79 /* ZSHCustomSlider.m in Sources */,
				042F36F9208EC94100A8DD79 /* TYCyclePagerView.m in Sources */,
				04F59EBE209089BD004346D4 /* ALTTShopCartViewController.m in Sources */,
				042F3751208ECBD000A8DD79 /* UILabel+Spacing.m in Sources */,
				042F3756208ECBD000A8DD79 /* PPNetworkCache.m in Sources */,
				042F37AB209066FD00A8DD79 /* ZSHGuideView.m in Sources */,
				042F3708208EC94100A8DD79 /* RootViewController.m in Sources */,
				042F3702208EC94100A8DD79 /* ZSHBaseTableViewModel.m in Sources */,
				042F3752208ECBD000A8DD79 /* UIView+ZSHExtension.m in Sources */,
				042F37A4208F247500A8DD79 /* ALTTTitleContentViewController.m in Sources */,
				042F370C208EC94100A8DD79 /* TabBarItem.m in Sources */,
				042F375F208F0E7400A8DD79 /* LXScrollContentView.m in Sources */,
				042F36F2208EC94100A8DD79 /* StepSlider.m in Sources */,
				042F3758208ECBD000A8DD79 /* Reachability.m in Sources */,
				042F36FF208EC94100A8DD79 /* ZSHBaseLogic.m in Sources */,
				042F370F208EC94100A8DD79 /* RootWebViewController.m in Sources */,
				042F374B208ECBD000A8DD79 /* NSString+unicode.m in Sources */,
				042F36F8208EC94100A8DD79 /* TYCyclePagerTransformLayout.m in Sources */,
				042F37A0208F220400A8DD79 /* HCCoordinateConvert.m in Sources */,
				042F37A7208F24E500A8DD79 /* ALTTTitleContentViewController+Method.m in Sources */,
			);
			runOnlyForDeploymentPostprocessing = 0;
		};
		04ECCBB2208DBC800017E76F /* Sources */ = {
			isa = PBXSourcesBuildPhase;
			buildActionMask = 2147483647;
			files = (
				04ECCBBB208DBC800017E76F /* ALTTTests.m in Sources */,
			);
			runOnlyForDeploymentPostprocessing = 0;
		};
		04ECCBBD208DBC800017E76F /* Sources */ = {
			isa = PBXSourcesBuildPhase;
			buildActionMask = 2147483647;
			files = (
				04ECCBC6208DBC800017E76F /* ALTTUITests.m in Sources */,
			);
			runOnlyForDeploymentPostprocessing = 0;
		};
/* End PBXSourcesBuildPhase section */

/* Begin PBXTargetDependency section */
		04ECCBB8208DBC800017E76F /* PBXTargetDependency */ = {
			isa = PBXTargetDependency;
			target = 04ECCB9D208DBC7A0017E76F /* ALTT */;
			targetProxy = 04ECCBB7208DBC800017E76F /* PBXContainerItemProxy */;
		};
		04ECCBC3208DBC800017E76F /* PBXTargetDependency */ = {
			isa = PBXTargetDependency;
			target = 04ECCB9D208DBC7A0017E76F /* ALTT */;
			targetProxy = 04ECCBC2208DBC800017E76F /* PBXContainerItemProxy */;
		};
/* End PBXTargetDependency section */

/* Begin PBXVariantGroup section */
		04ECCBA7208DBC7A0017E76F /* Main.storyboard */ = {
			isa = PBXVariantGroup;
			children = (
				04ECCBA8208DBC7A0017E76F /* Base */,
			);
			name = Main.storyboard;
			sourceTree = "<group>";
		};
		04ECCBAC208DBC800017E76F /* LaunchScreen.storyboard */ = {
			isa = PBXVariantGroup;
			children = (
				04ECCBAD208DBC800017E76F /* Base */,
			);
			name = LaunchScreen.storyboard;
			sourceTree = "<group>";
		};
/* End PBXVariantGroup section */

/* Begin XCBuildConfiguration section */
		04ECCBC8208DBC800017E76F /* Debug */ = {
			isa = XCBuildConfiguration;
			buildSettings = {
				ALWAYS_SEARCH_USER_PATHS = NO;
				CLANG_ANALYZER_NONNULL = YES;
				CLANG_ANALYZER_NUMBER_OBJECT_CONVERSION = YES_AGGRESSIVE;
				CLANG_CXX_LANGUAGE_STANDARD = "gnu++14";
				CLANG_CXX_LIBRARY = "libc++";
				CLANG_ENABLE_MODULES = YES;
				CLANG_ENABLE_OBJC_ARC = YES;
				CLANG_ENABLE_OBJC_WEAK = YES;
				CLANG_WARN_BLOCK_CAPTURE_AUTORELEASING = YES;
				CLANG_WARN_BOOL_CONVERSION = YES;
				CLANG_WARN_COMMA = YES;
				CLANG_WARN_CONSTANT_CONVERSION = YES;
				CLANG_WARN_DEPRECATED_OBJC_IMPLEMENTATIONS = YES;
				CLANG_WARN_DIRECT_OBJC_ISA_USAGE = YES_ERROR;
				CLANG_WARN_DOCUMENTATION_COMMENTS = YES;
				CLANG_WARN_EMPTY_BODY = YES;
				CLANG_WARN_ENUM_CONVERSION = YES;
				CLANG_WARN_INFINITE_RECURSION = YES;
				CLANG_WARN_INT_CONVERSION = YES;
				CLANG_WARN_NON_LITERAL_NULL_CONVERSION = YES;
				CLANG_WARN_OBJC_IMPLICIT_RETAIN_SELF = YES;
				CLANG_WARN_OBJC_LITERAL_CONVERSION = YES;
				CLANG_WARN_OBJC_ROOT_CLASS = YES_ERROR;
				CLANG_WARN_RANGE_LOOP_ANALYSIS = YES;
				CLANG_WARN_STRICT_PROTOTYPES = YES;
				CLANG_WARN_SUSPICIOUS_MOVE = YES;
				CLANG_WARN_UNGUARDED_AVAILABILITY = YES_AGGRESSIVE;
				CLANG_WARN_UNREACHABLE_CODE = YES;
				CLANG_WARN__DUPLICATE_METHOD_MATCH = YES;
				CODE_SIGN_IDENTITY = "iPhone Developer";
				COPY_PHASE_STRIP = NO;
				DEBUG_INFORMATION_FORMAT = dwarf;
				ENABLE_STRICT_OBJC_MSGSEND = YES;
				ENABLE_TESTABILITY = YES;
				GCC_C_LANGUAGE_STANDARD = gnu11;
				GCC_DYNAMIC_NO_PIC = NO;
				GCC_NO_COMMON_BLOCKS = YES;
				GCC_OPTIMIZATION_LEVEL = 0;
				GCC_PREPROCESSOR_DEFINITIONS = (
					"DEBUG=1",
					"$(inherited)",
				);
				GCC_WARN_64_TO_32_BIT_CONVERSION = YES;
				GCC_WARN_ABOUT_RETURN_TYPE = YES_ERROR;
				GCC_WARN_UNDECLARED_SELECTOR = YES;
				GCC_WARN_UNINITIALIZED_AUTOS = YES_AGGRESSIVE;
				GCC_WARN_UNUSED_FUNCTION = YES;
				GCC_WARN_UNUSED_VARIABLE = YES;
				IPHONEOS_DEPLOYMENT_TARGET = 11.3;
				MTL_ENABLE_DEBUG_INFO = YES;
				ONLY_ACTIVE_ARCH = YES;
				SDKROOT = iphoneos;
			};
			name = Debug;
		};
		04ECCBC9208DBC800017E76F /* Release */ = {
			isa = XCBuildConfiguration;
			buildSettings = {
				ALWAYS_SEARCH_USER_PATHS = NO;
				CLANG_ANALYZER_NONNULL = YES;
				CLANG_ANALYZER_NUMBER_OBJECT_CONVERSION = YES_AGGRESSIVE;
				CLANG_CXX_LANGUAGE_STANDARD = "gnu++14";
				CLANG_CXX_LIBRARY = "libc++";
				CLANG_ENABLE_MODULES = YES;
				CLANG_ENABLE_OBJC_ARC = YES;
				CLANG_ENABLE_OBJC_WEAK = YES;
				CLANG_WARN_BLOCK_CAPTURE_AUTORELEASING = YES;
				CLANG_WARN_BOOL_CONVERSION = YES;
				CLANG_WARN_COMMA = YES;
				CLANG_WARN_CONSTANT_CONVERSION = YES;
				CLANG_WARN_DEPRECATED_OBJC_IMPLEMENTATIONS = YES;
				CLANG_WARN_DIRECT_OBJC_ISA_USAGE = YES_ERROR;
				CLANG_WARN_DOCUMENTATION_COMMENTS = YES;
				CLANG_WARN_EMPTY_BODY = YES;
				CLANG_WARN_ENUM_CONVERSION = YES;
				CLANG_WARN_INFINITE_RECURSION = YES;
				CLANG_WARN_INT_CONVERSION = YES;
				CLANG_WARN_NON_LITERAL_NULL_CONVERSION = YES;
				CLANG_WARN_OBJC_IMPLICIT_RETAIN_SELF = YES;
				CLANG_WARN_OBJC_LITERAL_CONVERSION = YES;
				CLANG_WARN_OBJC_ROOT_CLASS = YES_ERROR;
				CLANG_WARN_RANGE_LOOP_ANALYSIS = YES;
				CLANG_WARN_STRICT_PROTOTYPES = YES;
				CLANG_WARN_SUSPICIOUS_MOVE = YES;
				CLANG_WARN_UNGUARDED_AVAILABILITY = YES_AGGRESSIVE;
				CLANG_WARN_UNREACHABLE_CODE = YES;
				CLANG_WARN__DUPLICATE_METHOD_MATCH = YES;
				CODE_SIGN_IDENTITY = "iPhone Developer";
				COPY_PHASE_STRIP = NO;
				DEBUG_INFORMATION_FORMAT = "dwarf-with-dsym";
				ENABLE_NS_ASSERTIONS = NO;
				ENABLE_STRICT_OBJC_MSGSEND = YES;
				GCC_C_LANGUAGE_STANDARD = gnu11;
				GCC_NO_COMMON_BLOCKS = YES;
				GCC_WARN_64_TO_32_BIT_CONVERSION = YES;
				GCC_WARN_ABOUT_RETURN_TYPE = YES_ERROR;
				GCC_WARN_UNDECLARED_SELECTOR = YES;
				GCC_WARN_UNINITIALIZED_AUTOS = YES_AGGRESSIVE;
				GCC_WARN_UNUSED_FUNCTION = YES;
				GCC_WARN_UNUSED_VARIABLE = YES;
				IPHONEOS_DEPLOYMENT_TARGET = 11.3;
				MTL_ENABLE_DEBUG_INFO = NO;
				SDKROOT = iphoneos;
				VALIDATE_PRODUCT = YES;
			};
			name = Release;
		};
		04ECCBCB208DBC800017E76F /* Debug */ = {
			isa = XCBuildConfiguration;
			baseConfigurationReference = C3A17D3DD18A6C2F7926D9E5 /* Pods-ALTT.debug.xcconfig */;
			buildSettings = {
				ASSETCATALOG_COMPILER_APPICON_NAME = AppIcon;
				CODE_SIGN_STYLE = Automatic;
				GCC_PRECOMPILE_PREFIX_HEADER = NO;
				GCC_PREFIX_HEADER = /Users/mac/Desktop/ALTT/ALTT/Define/PrefixHeader.pch;
				INFOPLIST_FILE = ALTT/Info.plist;
				LD_RUNPATH_SEARCH_PATHS = (
					"$(inherited)",
					"@executable_path/Frameworks",
				);
				PRODUCT_BUNDLE_IDENTIFIER = zoe.ALTT;
				PRODUCT_NAME = "$(TARGET_NAME)";
				TARGETED_DEVICE_FAMILY = "1,2";
			};
			name = Debug;
		};
		04ECCBCC208DBC800017E76F /* Release */ = {
			isa = XCBuildConfiguration;
			baseConfigurationReference = FE68564699681E2B5DFBAB09 /* Pods-ALTT.release.xcconfig */;
			buildSettings = {
				ASSETCATALOG_COMPILER_APPICON_NAME = AppIcon;
				CODE_SIGN_STYLE = Automatic;
				GCC_PRECOMPILE_PREFIX_HEADER = NO;
				GCC_PREFIX_HEADER = /Users/mac/Desktop/ALTT/ALTT/Define/PrefixHeader.pch;
				INFOPLIST_FILE = ALTT/Info.plist;
				LD_RUNPATH_SEARCH_PATHS = (
					"$(inherited)",
					"@executable_path/Frameworks",
				);
				PRODUCT_BUNDLE_IDENTIFIER = zoe.ALTT;
				PRODUCT_NAME = "$(TARGET_NAME)";
				TARGETED_DEVICE_FAMILY = "1,2";
			};
			name = Release;
		};
		04ECCBCE208DBC800017E76F /* Debug */ = {
			isa = XCBuildConfiguration;
			buildSettings = {
				BUNDLE_LOADER = "$(TEST_HOST)";
				CODE_SIGN_STYLE = Automatic;
				INFOPLIST_FILE = ALTTTests/Info.plist;
				LD_RUNPATH_SEARCH_PATHS = (
					"$(inherited)",
					"@executable_path/Frameworks",
					"@loader_path/Frameworks",
				);
				PRODUCT_BUNDLE_IDENTIFIER = zoe.ALTTTests;
				PRODUCT_NAME = "$(TARGET_NAME)";
				TARGETED_DEVICE_FAMILY = "1,2";
				TEST_HOST = "$(BUILT_PRODUCTS_DIR)/ALTT.app/ALTT";
			};
			name = Debug;
		};
		04ECCBCF208DBC800017E76F /* Release */ = {
			isa = XCBuildConfiguration;
			buildSettings = {
				BUNDLE_LOADER = "$(TEST_HOST)";
				CODE_SIGN_STYLE = Automatic;
				INFOPLIST_FILE = ALTTTests/Info.plist;
				LD_RUNPATH_SEARCH_PATHS = (
					"$(inherited)",
					"@executable_path/Frameworks",
					"@loader_path/Frameworks",
				);
				PRODUCT_BUNDLE_IDENTIFIER = zoe.ALTTTests;
				PRODUCT_NAME = "$(TARGET_NAME)";
				TARGETED_DEVICE_FAMILY = "1,2";
				TEST_HOST = "$(BUILT_PRODUCTS_DIR)/ALTT.app/ALTT";
			};
			name = Release;
		};
		04ECCBD1208DBC800017E76F /* Debug */ = {
			isa = XCBuildConfiguration;
			buildSettings = {
				CODE_SIGN_STYLE = Automatic;
				INFOPLIST_FILE = ALTTUITests/Info.plist;
				LD_RUNPATH_SEARCH_PATHS = (
					"$(inherited)",
					"@executable_path/Frameworks",
					"@loader_path/Frameworks",
				);
				PRODUCT_BUNDLE_IDENTIFIER = zoe.ALTTUITests;
				PRODUCT_NAME = "$(TARGET_NAME)";
				TARGETED_DEVICE_FAMILY = "1,2";
				TEST_TARGET_NAME = ALTT;
			};
			name = Debug;
		};
		04ECCBD2208DBC800017E76F /* Release */ = {
			isa = XCBuildConfiguration;
			buildSettings = {
				CODE_SIGN_STYLE = Automatic;
				INFOPLIST_FILE = ALTTUITests/Info.plist;
				LD_RUNPATH_SEARCH_PATHS = (
					"$(inherited)",
					"@executable_path/Frameworks",
					"@loader_path/Frameworks",
				);
				PRODUCT_BUNDLE_IDENTIFIER = zoe.ALTTUITests;
				PRODUCT_NAME = "$(TARGET_NAME)";
				TARGETED_DEVICE_FAMILY = "1,2";
				TEST_TARGET_NAME = ALTT;
			};
			name = Release;
		};
/* End XCBuildConfiguration section */

/* Begin XCConfigurationList section */
		04ECCB99208DBC7A0017E76F /* Build configuration list for PBXProject "ALTT" */ = {
			isa = XCConfigurationList;
			buildConfigurations = (
				04ECCBC8208DBC800017E76F /* Debug */,
				04ECCBC9208DBC800017E76F /* Release */,
			);
			defaultConfigurationIsVisible = 0;
			defaultConfigurationName = Release;
		};
		04ECCBCA208DBC800017E76F /* Build configuration list for PBXNativeTarget "ALTT" */ = {
			isa = XCConfigurationList;
			buildConfigurations = (
				04ECCBCB208DBC800017E76F /* Debug */,
				04ECCBCC208DBC800017E76F /* Release */,
			);
			defaultConfigurationIsVisible = 0;
			defaultConfigurationName = Release;
		};
		04ECCBCD208DBC800017E76F /* Build configuration list for PBXNativeTarget "ALTTTests" */ = {
			isa = XCConfigurationList;
			buildConfigurations = (
				04ECCBCE208DBC800017E76F /* Debug */,
				04ECCBCF208DBC800017E76F /* Release */,
			);
			defaultConfigurationIsVisible = 0;
			defaultConfigurationName = Release;
		};
		04ECCBD0208DBC800017E76F /* Build configuration list for PBXNativeTarget "ALTTUITests" */ = {
			isa = XCConfigurationList;
			buildConfigurations = (
				04ECCBD1208DBC800017E76F /* Debug */,
				04ECCBD2208DBC800017E76F /* Release */,
			);
			defaultConfigurationIsVisible = 0;
			defaultConfigurationName = Release;
		};
/* End XCConfigurationList section */
	};
	rootObject = 04ECCB96208DBC7A0017E76F /* Project object */;
}
